// !$*UTF8*$!
{
	archiveVersion = 1;
	classes = {
	};
	objectVersion = 56;
	objects = {

/* Begin PBXBuildFile section */
		09E889152CB6D9600079B4BA /* push_swap.c in Sources */ = {isa = PBXBuildFile; fileRef = 09E889142CB6D9600079B4BA /* push_swap.c */; };
		09E8891C2CB6D97C0079B4BA /* init_b_to_a.c in Sources */ = {isa = PBXBuildFile; fileRef = 09E889162CB6D97C0079B4BA /* init_b_to_a.c */; };
		09E8891D2CB6D97C0079B4BA /* handle_errors.c in Sources */ = {isa = PBXBuildFile; fileRef = 09E889172CB6D97C0079B4BA /* handle_errors.c */; };
		09E8891E2CB6D97C0079B4BA /* init_a_to_b.c in Sources */ = {isa = PBXBuildFile; fileRef = 09E889182CB6D97C0079B4BA /* init_a_to_b.c */; };
		09E8891F2CB6D97C0079B4BA /* split.c in Sources */ = {isa = PBXBuildFile; fileRef = 09E889192CB6D97C0079B4BA /* split.c */; };
		09E889202CB6D97C0079B4BA /* stack_init.c in Sources */ = {isa = PBXBuildFile; fileRef = 09E8891A2CB6D97C0079B4BA /* stack_init.c */; };
		09E889212CB6D97C0079B4BA /* stack_utils.c in Sources */ = {isa = PBXBuildFile; fileRef = 09E8891B2CB6D97C0079B4BA /* stack_utils.c */; };
		09E889292CB6D99A0079B4BA /* rev_rotate.c in Sources */ = {isa = PBXBuildFile; fileRef = 09E889232CB6D99A0079B4BA /* rev_rotate.c */; };
		09E8892A2CB6D99A0079B4BA /* rotate.c in Sources */ = {isa = PBXBuildFile; fileRef = 09E889242CB6D99A0079B4BA /* rotate.c */; };
		09E8892B2CB6D99A0079B4BA /* sort_three.c in Sources */ = {isa = PBXBuildFile; fileRef = 09E889252CB6D99A0079B4BA /* sort_three.c */; };
		09E8892C2CB6D99A0079B4BA /* push.c in Sources */ = {isa = PBXBuildFile; fileRef = 09E889262CB6D99A0079B4BA /* push.c */; };
		09E8892D2CB6D99A0079B4BA /* sort_stacks.c in Sources */ = {isa = PBXBuildFile; fileRef = 09E889272CB6D99A0079B4BA /* sort_stacks.c */; };
		09E8892E2CB6D99A0079B4BA /* swap.c in Sources */ = {isa = PBXBuildFile; fileRef = 09E889282CB6D99A0079B4BA /* swap.c */; };
		09E889DE2CB6DC440079B4BA /* ft_atoi.c in Sources */ = {isa = PBXBuildFile; fileRef = 09E889AA2CB6DC440079B4BA /* ft_atoi.c */; };
		09E889DF2CB6DC440079B4BA /* ft_lstclear_bonus.c in Sources */ = {isa = PBXBuildFile; fileRef = 09E889AB2CB6DC440079B4BA /* ft_lstclear_bonus.c */; };
		09E889E02CB6DC440079B4BA /* print_char.c in Sources */ = {isa = PBXBuildFile; fileRef = 09E889AC2CB6DC440079B4BA /* print_char.c */; };
		09E889E12CB6DC440079B4BA /* ft_lstsize_bonus.c in Sources */ = {isa = PBXBuildFile; fileRef = 09E889AD2CB6DC440079B4BA /* ft_lstsize_bonus.c */; };
		09E889E22CB6DC440079B4BA /* ft_strlen.c in Sources */ = {isa = PBXBuildFile; fileRef = 09E889AE2CB6DC440079B4BA /* ft_strlen.c */; };
		09E889E32CB6DC440079B4BA /* ft_putchar_fd.c in Sources */ = {isa = PBXBuildFile; fileRef = 09E889AF2CB6DC440079B4BA /* ft_putchar_fd.c */; };
		09E889E42CB6DC440079B4BA /* print_string.c in Sources */ = {isa = PBXBuildFile; fileRef = 09E889B02CB6DC440079B4BA /* print_string.c */; };
		09E889E52CB6DC440079B4BA /* ft_strrchr.c in Sources */ = {isa = PBXBuildFile; fileRef = 09E889B12CB6DC440079B4BA /* ft_strrchr.c */; };
		09E889E62CB6DC440079B4BA /* ft_isalpha.c in Sources */ = {isa = PBXBuildFile; fileRef = 09E889B22CB6DC440079B4BA /* ft_isalpha.c */; };
		09E889E72CB6DC440079B4BA /* ft_strnstr.c in Sources */ = {isa = PBXBuildFile; fileRef = 09E889B32CB6DC440079B4BA /* ft_strnstr.c */; };
		09E889E82CB6DC440079B4BA /* ft_strlcpy.c in Sources */ = {isa = PBXBuildFile; fileRef = 09E889B42CB6DC440079B4BA /* ft_strlcpy.c */; };
		09E889E92CB6DC440079B4BA /* ft_memcpy.c in Sources */ = {isa = PBXBuildFile; fileRef = 09E889B52CB6DC440079B4BA /* ft_memcpy.c */; };
		09E889EA2CB6DC440079B4BA /* print_hex.c in Sources */ = {isa = PBXBuildFile; fileRef = 09E889B62CB6DC440079B4BA /* print_hex.c */; };
		09E889EB2CB6DC440079B4BA /* ft_putnbr_fd.c in Sources */ = {isa = PBXBuildFile; fileRef = 09E889B72CB6DC440079B4BA /* ft_putnbr_fd.c */; };
		09E889EC2CB6DC440079B4BA /* print_int.c in Sources */ = {isa = PBXBuildFile; fileRef = 09E889B82CB6DC440079B4BA /* print_int.c */; };
		09E889ED2CB6DC440079B4BA /* ft_putendl_fd.c in Sources */ = {isa = PBXBuildFile; fileRef = 09E889B92CB6DC440079B4BA /* ft_putendl_fd.c */; };
		09E889EE2CB6DC440079B4BA /* ft_lstlast_bonus.c in Sources */ = {isa = PBXBuildFile; fileRef = 09E889BA2CB6DC440079B4BA /* ft_lstlast_bonus.c */; };
		09E889EF2CB6DC440079B4BA /* ft_strlcat.c in Sources */ = {isa = PBXBuildFile; fileRef = 09E889BB2CB6DC440079B4BA /* ft_strlcat.c */; };
		09E889F02CB6DC440079B4BA /* print_unsigned.c in Sources */ = {isa = PBXBuildFile; fileRef = 09E889BD2CB6DC440079B4BA /* print_unsigned.c */; };
		09E889F12CB6DC440079B4BA /* ft_tolower.c in Sources */ = {isa = PBXBuildFile; fileRef = 09E889BE2CB6DC440079B4BA /* ft_tolower.c */; };
		09E889F22CB6DC440079B4BA /* ft_strjoin.c in Sources */ = {isa = PBXBuildFile; fileRef = 09E889BF2CB6DC440079B4BA /* ft_strjoin.c */; };
		09E889F32CB6DC440079B4BA /* ft_toupper.c in Sources */ = {isa = PBXBuildFile; fileRef = 09E889C02CB6DC440079B4BA /* ft_toupper.c */; };
		09E889F42CB6DC440079B4BA /* ft_bzero.c in Sources */ = {isa = PBXBuildFile; fileRef = 09E889C12CB6DC440079B4BA /* ft_bzero.c */; };
		09E889F52CB6DC440079B4BA /* ft_calloc.c in Sources */ = {isa = PBXBuildFile; fileRef = 09E889C22CB6DC440079B4BA /* ft_calloc.c */; };
		09E889F62CB6DC440079B4BA /* ft_strdup.c in Sources */ = {isa = PBXBuildFile; fileRef = 09E889C32CB6DC440079B4BA /* ft_strdup.c */; };
		09E889F72CB6DC440079B4BA /* ft_substr.c in Sources */ = {isa = PBXBuildFile; fileRef = 09E889C42CB6DC440079B4BA /* ft_substr.c */; };
		09E889F82CB6DC440079B4BA /* ft_strncmp.c in Sources */ = {isa = PBXBuildFile; fileRef = 09E889C52CB6DC440079B4BA /* ft_strncmp.c */; };
		09E889F92CB6DC440079B4BA /* ft_lstnew_bonus.c in Sources */ = {isa = PBXBuildFile; fileRef = 09E889C62CB6DC440079B4BA /* ft_lstnew_bonus.c */; };
		09E889FA2CB6DC440079B4BA /* ft_lstadd_back_bonus.c in Sources */ = {isa = PBXBuildFile; fileRef = 09E889C72CB6DC440079B4BA /* ft_lstadd_back_bonus.c */; };
		09E889FB2CB6DC440079B4BA /* ft_isascii.c in Sources */ = {isa = PBXBuildFile; fileRef = 09E889C82CB6DC440079B4BA /* ft_isascii.c */; };
		09E889FC2CB6DC440079B4BA /* ft_isprint.c in Sources */ = {isa = PBXBuildFile; fileRef = 09E889C92CB6DC440079B4BA /* ft_isprint.c */; };
		09E889FD2CB6DC440079B4BA /* ft_isdigit.c in Sources */ = {isa = PBXBuildFile; fileRef = 09E889CA2CB6DC440079B4BA /* ft_isdigit.c */; };
		09E889FE2CB6DC440079B4BA /* ft_lstmap_bonus.c in Sources */ = {isa = PBXBuildFile; fileRef = 09E889CB2CB6DC440079B4BA /* ft_lstmap_bonus.c */; };
		09E889FF2CB6DC440079B4BA /* ft_strchr.c in Sources */ = {isa = PBXBuildFile; fileRef = 09E889CC2CB6DC440079B4BA /* ft_strchr.c */; };
		09E88A002CB6DC440079B4BA /* get_next_line.c in Sources */ = {isa = PBXBuildFile; fileRef = 09E889CD2CB6DC440079B4BA /* get_next_line.c */; };
		09E88A012CB6DC440079B4BA /* ft_putstr_fd.c in Sources */ = {isa = PBXBuildFile; fileRef = 09E889CE2CB6DC440079B4BA /* ft_putstr_fd.c */; };
		09E88A022CB6DC440079B4BA /* ft_lstadd_front_bonus.c in Sources */ = {isa = PBXBuildFile; fileRef = 09E889CF2CB6DC440079B4BA /* ft_lstadd_front_bonus.c */; };
		09E88A032CB6DC440079B4BA /* ft_memset.c in Sources */ = {isa = PBXBuildFile; fileRef = 09E889D02CB6DC440079B4BA /* ft_memset.c */; };
		09E88A042CB6DC440079B4BA /* ft_strtrim.c in Sources */ = {isa = PBXBuildFile; fileRef = 09E889D12CB6DC440079B4BA /* ft_strtrim.c */; };
		09E88A052CB6DC440079B4BA /* ft_itoa.c in Sources */ = {isa = PBXBuildFile; fileRef = 09E889D22CB6DC440079B4BA /* ft_itoa.c */; };
		09E88A062CB6DC440079B4BA /* ft_lstdelone_bonus.c in Sources */ = {isa = PBXBuildFile; fileRef = 09E889D32CB6DC440079B4BA /* ft_lstdelone_bonus.c */; };
		09E88A072CB6DC440079B4BA /* ft_memcmp.c in Sources */ = {isa = PBXBuildFile; fileRef = 09E889D42CB6DC440079B4BA /* ft_memcmp.c */; };
		09E88A082CB6DC440079B4BA /* ft_split.c in Sources */ = {isa = PBXBuildFile; fileRef = 09E889D52CB6DC440079B4BA /* ft_split.c */; };
		09E88A092CB6DC440079B4BA /* ft_striteri.c in Sources */ = {isa = PBXBuildFile; fileRef = 09E889D62CB6DC440079B4BA /* ft_striteri.c */; };
		09E88A0A2CB6DC440079B4BA /* print_pointer.c in Sources */ = {isa = PBXBuildFile; fileRef = 09E889D72CB6DC440079B4BA /* print_pointer.c */; };
		09E88A0B2CB6DC440079B4BA /* ft_printf.c in Sources */ = {isa = PBXBuildFile; fileRef = 09E889D82CB6DC440079B4BA /* ft_printf.c */; };
		09E88A0C2CB6DC440079B4BA /* ft_memchr.c in Sources */ = {isa = PBXBuildFile; fileRef = 09E889D92CB6DC440079B4BA /* ft_memchr.c */; };
		09E88A0D2CB6DC440079B4BA /* ft_isalnum.c in Sources */ = {isa = PBXBuildFile; fileRef = 09E889DA2CB6DC440079B4BA /* ft_isalnum.c */; };
		09E88A0E2CB6DC440079B4BA /* ft_memmove.c in Sources */ = {isa = PBXBuildFile; fileRef = 09E889DB2CB6DC440079B4BA /* ft_memmove.c */; };
		09E88A0F2CB6DC440079B4BA /* ft_strmapi.c in Sources */ = {isa = PBXBuildFile; fileRef = 09E889DC2CB6DC440079B4BA /* ft_strmapi.c */; };
		09E88A102CB6DC440079B4BA /* ft_lstiter_bonus.c in Sources */ = {isa = PBXBuildFile; fileRef = 09E889DD2CB6DC440079B4BA /* ft_lstiter_bonus.c */; };
/* End PBXBuildFile section */

/* Begin PBXCopyFilesBuildPhase section */
		09A14CC02C9DD4AC0079C7F1 /* CopyFiles */ = {
			isa = PBXCopyFilesBuildPhase;
			buildActionMask = 2147483647;
			dstPath = /usr/share/man/man1/;
			dstSubfolderSpec = 0;
			files = (
			);
			runOnlyForDeploymentPostprocessing = 1;
		};
/* End PBXCopyFilesBuildPhase section */

/* Begin PBXFileReference section */
		09A14CC22C9DD4AC0079C7F1 /* push_swap */ = {isa = PBXFileReference; explicitFileType = "compiled.mach-o.executable"; includeInIndex = 0; path = push_swap; sourceTree = BUILT_PRODUCTS_DIR; };
		09E889142CB6D9600079B4BA /* push_swap.c */ = {isa = PBXFileReference; fileEncoding = 4; lastKnownFileType = sourcecode.c.c; name = push_swap.c; path = srcs/push_swap/push_swap.c; sourceTree = SOURCE_ROOT; };
		09E889162CB6D97C0079B4BA /* init_b_to_a.c */ = {isa = PBXFileReference; fileEncoding = 4; lastKnownFileType = sourcecode.c.c; name = init_b_to_a.c; path = srcs/push_swap/init_b_to_a.c; sourceTree = SOURCE_ROOT; };
		09E889172CB6D97C0079B4BA /* handle_errors.c */ = {isa = PBXFileReference; fileEncoding = 4; lastKnownFileType = sourcecode.c.c; name = handle_errors.c; path = srcs/push_swap/handle_errors.c; sourceTree = SOURCE_ROOT; };
		09E889182CB6D97C0079B4BA /* init_a_to_b.c */ = {isa = PBXFileReference; fileEncoding = 4; lastKnownFileType = sourcecode.c.c; name = init_a_to_b.c; path = srcs/push_swap/init_a_to_b.c; sourceTree = SOURCE_ROOT; };
		09E889192CB6D97C0079B4BA /* split.c */ = {isa = PBXFileReference; fileEncoding = 4; lastKnownFileType = sourcecode.c.c; name = split.c; path = srcs/push_swap/split.c; sourceTree = SOURCE_ROOT; };
		09E8891A2CB6D97C0079B4BA /* stack_init.c */ = {isa = PBXFileReference; fileEncoding = 4; lastKnownFileType = sourcecode.c.c; name = stack_init.c; path = srcs/push_swap/stack_init.c; sourceTree = SOURCE_ROOT; };
		09E8891B2CB6D97C0079B4BA /* stack_utils.c */ = {isa = PBXFileReference; fileEncoding = 4; lastKnownFileType = sourcecode.c.c; name = stack_utils.c; path = srcs/push_swap/stack_utils.c; sourceTree = SOURCE_ROOT; };
		09E889232CB6D99A0079B4BA /* rev_rotate.c */ = {isa = PBXFileReference; fileEncoding = 4; lastKnownFileType = sourcecode.c.c; name = rev_rotate.c; path = srcs/commands/rev_rotate.c; sourceTree = SOURCE_ROOT; };
		09E889242CB6D99A0079B4BA /* rotate.c */ = {isa = PBXFileReference; fileEncoding = 4; lastKnownFileType = sourcecode.c.c; name = rotate.c; path = srcs/commands/rotate.c; sourceTree = SOURCE_ROOT; };
		09E889252CB6D99A0079B4BA /* sort_three.c */ = {isa = PBXFileReference; fileEncoding = 4; lastKnownFileType = sourcecode.c.c; name = sort_three.c; path = srcs/commands/sort_three.c; sourceTree = SOURCE_ROOT; };
		09E889262CB6D99A0079B4BA /* push.c */ = {isa = PBXFileReference; fileEncoding = 4; lastKnownFileType = sourcecode.c.c; name = push.c; path = srcs/commands/push.c; sourceTree = SOURCE_ROOT; };
		09E889272CB6D99A0079B4BA /* sort_stacks.c */ = {isa = PBXFileReference; fileEncoding = 4; lastKnownFileType = sourcecode.c.c; name = sort_stacks.c; path = srcs/commands/sort_stacks.c; sourceTree = SOURCE_ROOT; };
		09E889282CB6D99A0079B4BA /* swap.c */ = {isa = PBXFileReference; fileEncoding = 4; lastKnownFileType = sourcecode.c.c; name = swap.c; path = srcs/commands/swap.c; sourceTree = SOURCE_ROOT; };
		09E889302CB6D9C00079B4BA /* push_swap.h */ = {isa = PBXFileReference; lastKnownFileType = sourcecode.c.h; name = push_swap.h; path = inc/push_swap.h; sourceTree = SOURCE_ROOT; };
		09E889AA2CB6DC440079B4BA /* ft_atoi.c */ = {isa = PBXFileReference; fileEncoding = 4; lastKnownFileType = sourcecode.c.c; name = ft_atoi.c; path = libft/ft_atoi.c; sourceTree = SOURCE_ROOT; };
		09E889AB2CB6DC440079B4BA /* ft_lstclear_bonus.c */ = {isa = PBXFileReference; fileEncoding = 4; lastKnownFileType = sourcecode.c.c; name = ft_lstclear_bonus.c; path = libft/ft_lstclear_bonus.c; sourceTree = SOURCE_ROOT; };
		09E889AC2CB6DC440079B4BA /* print_char.c */ = {isa = PBXFileReference; fileEncoding = 4; lastKnownFileType = sourcecode.c.c; name = print_char.c; path = libft/print_char.c; sourceTree = SOURCE_ROOT; };
		09E889AD2CB6DC440079B4BA /* ft_lstsize_bonus.c */ = {isa = PBXFileReference; fileEncoding = 4; lastKnownFileType = sourcecode.c.c; name = ft_lstsize_bonus.c; path = libft/ft_lstsize_bonus.c; sourceTree = SOURCE_ROOT; };
		09E889AE2CB6DC440079B4BA /* ft_strlen.c */ = {isa = PBXFileReference; fileEncoding = 4; lastKnownFileType = sourcecode.c.c; name = ft_strlen.c; path = libft/ft_strlen.c; sourceTree = SOURCE_ROOT; };
		09E889AF2CB6DC440079B4BA /* ft_putchar_fd.c */ = {isa = PBXFileReference; fileEncoding = 4; lastKnownFileType = sourcecode.c.c; name = ft_putchar_fd.c; path = libft/ft_putchar_fd.c; sourceTree = SOURCE_ROOT; };
		09E889B02CB6DC440079B4BA /* print_string.c */ = {isa = PBXFileReference; fileEncoding = 4; lastKnownFileType = sourcecode.c.c; name = print_string.c; path = libft/print_string.c; sourceTree = SOURCE_ROOT; };
		09E889B12CB6DC440079B4BA /* ft_strrchr.c */ = {isa = PBXFileReference; fileEncoding = 4; lastKnownFileType = sourcecode.c.c; name = ft_strrchr.c; path = libft/ft_strrchr.c; sourceTree = SOURCE_ROOT; };
		09E889B22CB6DC440079B4BA /* ft_isalpha.c */ = {isa = PBXFileReference; fileEncoding = 4; lastKnownFileType = sourcecode.c.c; name = ft_isalpha.c; path = libft/ft_isalpha.c; sourceTree = SOURCE_ROOT; };
		09E889B32CB6DC440079B4BA /* ft_strnstr.c */ = {isa = PBXFileReference; fileEncoding = 4; lastKnownFileType = sourcecode.c.c; name = ft_strnstr.c; path = libft/ft_strnstr.c; sourceTree = SOURCE_ROOT; };
		09E889B42CB6DC440079B4BA /* ft_strlcpy.c */ = {isa = PBXFileReference; fileEncoding = 4; lastKnownFileType = sourcecode.c.c; name = ft_strlcpy.c; path = libft/ft_strlcpy.c; sourceTree = SOURCE_ROOT; };
		09E889B52CB6DC440079B4BA /* ft_memcpy.c */ = {isa = PBXFileReference; fileEncoding = 4; lastKnownFileType = sourcecode.c.c; name = ft_memcpy.c; path = libft/ft_memcpy.c; sourceTree = SOURCE_ROOT; };
		09E889B62CB6DC440079B4BA /* print_hex.c */ = {isa = PBXFileReference; fileEncoding = 4; lastKnownFileType = sourcecode.c.c; name = print_hex.c; path = libft/print_hex.c; sourceTree = SOURCE_ROOT; };
		09E889B72CB6DC440079B4BA /* ft_putnbr_fd.c */ = {isa = PBXFileReference; fileEncoding = 4; lastKnownFileType = sourcecode.c.c; name = ft_putnbr_fd.c; path = libft/ft_putnbr_fd.c; sourceTree = SOURCE_ROOT; };
		09E889B82CB6DC440079B4BA /* print_int.c */ = {isa = PBXFileReference; fileEncoding = 4; lastKnownFileType = sourcecode.c.c; name = print_int.c; path = libft/print_int.c; sourceTree = SOURCE_ROOT; };
		09E889B92CB6DC440079B4BA /* ft_putendl_fd.c */ = {isa = PBXFileReference; fileEncoding = 4; lastKnownFileType = sourcecode.c.c; name = ft_putendl_fd.c; path = libft/ft_putendl_fd.c; sourceTree = SOURCE_ROOT; };
		09E889BA2CB6DC440079B4BA /* ft_lstlast_bonus.c */ = {isa = PBXFileReference; fileEncoding = 4; lastKnownFileType = sourcecode.c.c; name = ft_lstlast_bonus.c; path = libft/ft_lstlast_bonus.c; sourceTree = SOURCE_ROOT; };
		09E889BB2CB6DC440079B4BA /* ft_strlcat.c */ = {isa = PBXFileReference; fileEncoding = 4; lastKnownFileType = sourcecode.c.c; name = ft_strlcat.c; path = libft/ft_strlcat.c; sourceTree = SOURCE_ROOT; };
		09E889BC2CB6DC440079B4BA /* libft.h */ = {isa = PBXFileReference; fileEncoding = 4; lastKnownFileType = sourcecode.c.h; name = libft.h; path = libft/libft.h; sourceTree = SOURCE_ROOT; };
		09E889BD2CB6DC440079B4BA /* print_unsigned.c */ = {isa = PBXFileReference; fileEncoding = 4; lastKnownFileType = sourcecode.c.c; name = print_unsigned.c; path = libft/print_unsigned.c; sourceTree = SOURCE_ROOT; };
		09E889BE2CB6DC440079B4BA /* ft_tolower.c */ = {isa = PBXFileReference; fileEncoding = 4; lastKnownFileType = sourcecode.c.c; name = ft_tolower.c; path = libft/ft_tolower.c; sourceTree = SOURCE_ROOT; };
		09E889BF2CB6DC440079B4BA /* ft_strjoin.c */ = {isa = PBXFileReference; fileEncoding = 4; lastKnownFileType = sourcecode.c.c; name = ft_strjoin.c; path = libft/ft_strjoin.c; sourceTree = SOURCE_ROOT; };
		09E889C02CB6DC440079B4BA /* ft_toupper.c */ = {isa = PBXFileReference; fileEncoding = 4; lastKnownFileType = sourcecode.c.c; name = ft_toupper.c; path = libft/ft_toupper.c; sourceTree = SOURCE_ROOT; };
		09E889C12CB6DC440079B4BA /* ft_bzero.c */ = {isa = PBXFileReference; fileEncoding = 4; lastKnownFileType = sourcecode.c.c; name = ft_bzero.c; path = libft/ft_bzero.c; sourceTree = SOURCE_ROOT; };
		09E889C22CB6DC440079B4BA /* ft_calloc.c */ = {isa = PBXFileReference; fileEncoding = 4; lastKnownFileType = sourcecode.c.c; name = ft_calloc.c; path = libft/ft_calloc.c; sourceTree = SOURCE_ROOT; };
		09E889C32CB6DC440079B4BA /* ft_strdup.c */ = {isa = PBXFileReference; fileEncoding = 4; lastKnownFileType = sourcecode.c.c; name = ft_strdup.c; path = libft/ft_strdup.c; sourceTree = SOURCE_ROOT; };
		09E889C42CB6DC440079B4BA /* ft_substr.c */ = {isa = PBXFileReference; fileEncoding = 4; lastKnownFileType = sourcecode.c.c; name = ft_substr.c; path = libft/ft_substr.c; sourceTree = SOURCE_ROOT; };
		09E889C52CB6DC440079B4BA /* ft_strncmp.c */ = {isa = PBXFileReference; fileEncoding = 4; lastKnownFileType = sourcecode.c.c; name = ft_strncmp.c; path = libft/ft_strncmp.c; sourceTree = SOURCE_ROOT; };
		09E889C62CB6DC440079B4BA /* ft_lstnew_bonus.c */ = {isa = PBXFileReference; fileEncoding = 4; lastKnownFileType = sourcecode.c.c; name = ft_lstnew_bonus.c; path = libft/ft_lstnew_bonus.c; sourceTree = SOURCE_ROOT; };
		09E889C72CB6DC440079B4BA /* ft_lstadd_back_bonus.c */ = {isa = PBXFileReference; fileEncoding = 4; lastKnownFileType = sourcecode.c.c; name = ft_lstadd_back_bonus.c; path = libft/ft_lstadd_back_bonus.c; sourceTree = SOURCE_ROOT; };
		09E889C82CB6DC440079B4BA /* ft_isascii.c */ = {isa = PBXFileReference; fileEncoding = 4; lastKnownFileType = sourcecode.c.c; name = ft_isascii.c; path = libft/ft_isascii.c; sourceTree = SOURCE_ROOT; };
		09E889C92CB6DC440079B4BA /* ft_isprint.c */ = {isa = PBXFileReference; fileEncoding = 4; lastKnownFileType = sourcecode.c.c; name = ft_isprint.c; path = libft/ft_isprint.c; sourceTree = SOURCE_ROOT; };
		09E889CA2CB6DC440079B4BA /* ft_isdigit.c */ = {isa = PBXFileReference; fileEncoding = 4; lastKnownFileType = sourcecode.c.c; name = ft_isdigit.c; path = libft/ft_isdigit.c; sourceTree = SOURCE_ROOT; };
		09E889CB2CB6DC440079B4BA /* ft_lstmap_bonus.c */ = {isa = PBXFileReference; fileEncoding = 4; lastKnownFileType = sourcecode.c.c; name = ft_lstmap_bonus.c; path = libft/ft_lstmap_bonus.c; sourceTree = SOURCE_ROOT; };
		09E889CC2CB6DC440079B4BA /* ft_strchr.c */ = {isa = PBXFileReference; fileEncoding = 4; lastKnownFileType = sourcecode.c.c; name = ft_strchr.c; path = libft/ft_strchr.c; sourceTree = SOURCE_ROOT; };
		09E889CD2CB6DC440079B4BA /* get_next_line.c */ = {isa = PBXFileReference; fileEncoding = 4; lastKnownFileType = sourcecode.c.c; name = get_next_line.c; path = libft/get_next_line.c; sourceTree = SOURCE_ROOT; };
		09E889CE2CB6DC440079B4BA /* ft_putstr_fd.c */ = {isa = PBXFileReference; fileEncoding = 4; lastKnownFileType = sourcecode.c.c; name = ft_putstr_fd.c; path = libft/ft_putstr_fd.c; sourceTree = SOURCE_ROOT; };
		09E889CF2CB6DC440079B4BA /* ft_lstadd_front_bonus.c */ = {isa = PBXFileReference; fileEncoding = 4; lastKnownFileType = sourcecode.c.c; name = ft_lstadd_front_bonus.c; path = libft/ft_lstadd_front_bonus.c; sourceTree = SOURCE_ROOT; };
		09E889D02CB6DC440079B4BA /* ft_memset.c */ = {isa = PBXFileReference; fileEncoding = 4; lastKnownFileType = sourcecode.c.c; name = ft_memset.c; path = libft/ft_memset.c; sourceTree = SOURCE_ROOT; };
		09E889D12CB6DC440079B4BA /* ft_strtrim.c */ = {isa = PBXFileReference; fileEncoding = 4; lastKnownFileType = sourcecode.c.c; name = ft_strtrim.c; path = libft/ft_strtrim.c; sourceTree = SOURCE_ROOT; };
		09E889D22CB6DC440079B4BA /* ft_itoa.c */ = {isa = PBXFileReference; fileEncoding = 4; lastKnownFileType = sourcecode.c.c; name = ft_itoa.c; path = libft/ft_itoa.c; sourceTree = SOURCE_ROOT; };
		09E889D32CB6DC440079B4BA /* ft_lstdelone_bonus.c */ = {isa = PBXFileReference; fileEncoding = 4; lastKnownFileType = sourcecode.c.c; name = ft_lstdelone_bonus.c; path = libft/ft_lstdelone_bonus.c; sourceTree = SOURCE_ROOT; };
		09E889D42CB6DC440079B4BA /* ft_memcmp.c */ = {isa = PBXFileReference; fileEncoding = 4; lastKnownFileType = sourcecode.c.c; name = ft_memcmp.c; path = libft/ft_memcmp.c; sourceTree = SOURCE_ROOT; };
		09E889D52CB6DC440079B4BA /* ft_split.c */ = {isa = PBXFileReference; fileEncoding = 4; lastKnownFileType = sourcecode.c.c; name = ft_split.c; path = libft/ft_split.c; sourceTree = SOURCE_ROOT; };
		09E889D62CB6DC440079B4BA /* ft_striteri.c */ = {isa = PBXFileReference; fileEncoding = 4; lastKnownFileType = sourcecode.c.c; name = ft_striteri.c; path = libft/ft_striteri.c; sourceTree = SOURCE_ROOT; };
		09E889D72CB6DC440079B4BA /* print_pointer.c */ = {isa = PBXFileReference; fileEncoding = 4; lastKnownFileType = sourcecode.c.c; name = print_pointer.c; path = libft/print_pointer.c; sourceTree = SOURCE_ROOT; };
		09E889D82CB6DC440079B4BA /* ft_printf.c */ = {isa = PBXFileReference; fileEncoding = 4; lastKnownFileType = sourcecode.c.c; name = ft_printf.c; path = libft/ft_printf.c; sourceTree = SOURCE_ROOT; };
		09E889D92CB6DC440079B4BA /* ft_memchr.c */ = {isa = PBXFileReference; fileEncoding = 4; lastKnownFileType = sourcecode.c.c; name = ft_memchr.c; path = libft/ft_memchr.c; sourceTree = SOURCE_ROOT; };
		09E889DA2CB6DC440079B4BA /* ft_isalnum.c */ = {isa = PBXFileReference; fileEncoding = 4; lastKnownFileType = sourcecode.c.c; name = ft_isalnum.c; path = libft/ft_isalnum.c; sourceTree = SOURCE_ROOT; };
		09E889DB2CB6DC440079B4BA /* ft_memmove.c */ = {isa = PBXFileReference; fileEncoding = 4; lastKnownFileType = sourcecode.c.c; name = ft_memmove.c; path = libft/ft_memmove.c; sourceTree = SOURCE_ROOT; };
		09E889DC2CB6DC440079B4BA /* ft_strmapi.c */ = {isa = PBXFileReference; fileEncoding = 4; lastKnownFileType = sourcecode.c.c; name = ft_strmapi.c; path = libft/ft_strmapi.c; sourceTree = SOURCE_ROOT; };
		09E889DD2CB6DC440079B4BA /* ft_lstiter_bonus.c */ = {isa = PBXFileReference; fileEncoding = 4; lastKnownFileType = sourcecode.c.c; name = ft_lstiter_bonus.c; path = libft/ft_lstiter_bonus.c; sourceTree = SOURCE_ROOT; };
/* End PBXFileReference section */

/* Begin PBXFrameworksBuildPhase section */
		09A14CBF2C9DD4AC0079C7F1 /* Frameworks */ = {
			isa = PBXFrameworksBuildPhase;
			buildActionMask = 2147483647;
			files = (
			);
			runOnlyForDeploymentPostprocessing = 0;
		};
/* End PBXFrameworksBuildPhase section */

/* Begin PBXGroup section */
		09A14CB92C9DD4AC0079C7F1 = {
			isa = PBXGroup;
			children = (
				09A14CC42C9DD4AC0079C7F1 /* push_swap */,
				09A14CC32C9DD4AC0079C7F1 /* Products */,
			);
			sourceTree = "<group>";
		};
		09A14CC32C9DD4AC0079C7F1 /* Products */ = {
			isa = PBXGroup;
			children = (
				09A14CC22C9DD4AC0079C7F1 /* push_swap */,
			);
			name = Products;
			sourceTree = "<group>";
		};
		09A14CC42C9DD4AC0079C7F1 /* push_swap */ = {
			isa = PBXGroup;
			children = (
				09E889A92CB6DC2B0079B4BA /* libft */,
				09E8892F2CB6D9B70079B4BA /* inc */,
				09A1500E2CB16F440079C7F1 /* src */,
			);
			path = push_swap;
			sourceTree = "<group>";
		};
		09A1500E2CB16F440079C7F1 /* src */ = {
			isa = PBXGroup;
			children = (
				09E889222CB6D9810079B4BA /* commands */,
				09E889112CB6B9070079B4BA /* push_swap */,
			);
			path = src;
			sourceTree = "<group>";
		};
		09E889112CB6B9070079B4BA /* push_swap */ = {
			isa = PBXGroup;
			children = (
				09E889172CB6D97C0079B4BA /* handle_errors.c */,
				09E889182CB6D97C0079B4BA /* init_a_to_b.c */,
				09E889162CB6D97C0079B4BA /* init_b_to_a.c */,
				09E889192CB6D97C0079B4BA /* split.c */,
				09E8891A2CB6D97C0079B4BA /* stack_init.c */,
				09E8891B2CB6D97C0079B4BA /* stack_utils.c */,
				09E889142CB6D9600079B4BA /* push_swap.c */,
			);
			path = push_swap;
			sourceTree = "<group>";
		};
		09E889222CB6D9810079B4BA /* commands */ = {
			isa = PBXGroup;
			children = (
				09E889262CB6D99A0079B4BA /* push.c */,
				09E889232CB6D99A0079B4BA /* rev_rotate.c */,
				09E889242CB6D99A0079B4BA /* rotate.c */,
				09E889272CB6D99A0079B4BA /* sort_stacks.c */,
				09E889252CB6D99A0079B4BA /* sort_three.c */,
				09E889282CB6D99A0079B4BA /* swap.c */,
			);
			path = commands;
			sourceTree = "<group>";
		};
		09E8892F2CB6D9B70079B4BA /* inc */ = {
			isa = PBXGroup;
			children = (
				09E889302CB6D9C00079B4BA /* push_swap.h */,
			);
			path = inc;
			sourceTree = "<group>";
		};
		09E889A92CB6DC2B0079B4BA /* libft */ = {
			isa = PBXGroup;
			children = (
				09E889AA2CB6DC440079B4BA /* ft_atoi.c */,
				09E889C12CB6DC440079B4BA /* ft_bzero.c */,
				09E889C22CB6DC440079B4BA /* ft_calloc.c */,
				09E889DA2CB6DC440079B4BA /* ft_isalnum.c */,
				09E889B22CB6DC440079B4BA /* ft_isalpha.c */,
				09E889C82CB6DC440079B4BA /* ft_isascii.c */,
				09E889CA2CB6DC440079B4BA /* ft_isdigit.c */,
				09E889C92CB6DC440079B4BA /* ft_isprint.c */,
				09E889D22CB6DC440079B4BA /* ft_itoa.c */,
				09E889C72CB6DC440079B4BA /* ft_lstadd_back_bonus.c */,
				09E889CF2CB6DC440079B4BA /* ft_lstadd_front_bonus.c */,
				09E889AB2CB6DC440079B4BA /* ft_lstclear_bonus.c */,
				09E889D32CB6DC440079B4BA /* ft_lstdelone_bonus.c */,
				09E889DD2CB6DC440079B4BA /* ft_lstiter_bonus.c */,
				09E889BA2CB6DC440079B4BA /* ft_lstlast_bonus.c */,
				09E889CB2CB6DC440079B4BA /* ft_lstmap_bonus.c */,
				09E889C62CB6DC440079B4BA /* ft_lstnew_bonus.c */,
				09E889AD2CB6DC440079B4BA /* ft_lstsize_bonus.c */,
				09E889D92CB6DC440079B4BA /* ft_memchr.c */,
				09E889D42CB6DC440079B4BA /* ft_memcmp.c */,
				09E889B52CB6DC440079B4BA /* ft_memcpy.c */,
				09E889DB2CB6DC440079B4BA /* ft_memmove.c */,
				09E889D02CB6DC440079B4BA /* ft_memset.c */,
				09E889D82CB6DC440079B4BA /* ft_printf.c */,
				09E889AF2CB6DC440079B4BA /* ft_putchar_fd.c */,
				09E889B92CB6DC440079B4BA /* ft_putendl_fd.c */,
				09E889B72CB6DC440079B4BA /* ft_putnbr_fd.c */,
				09E889CE2CB6DC440079B4BA /* ft_putstr_fd.c */,
				09E889D52CB6DC440079B4BA /* ft_split.c */,
				09E889CC2CB6DC440079B4BA /* ft_strchr.c */,
				09E889C32CB6DC440079B4BA /* ft_strdup.c */,
				09E889D62CB6DC440079B4BA /* ft_striteri.c */,
				09E889BF2CB6DC440079B4BA /* ft_strjoin.c */,
				09E889BB2CB6DC440079B4BA /* ft_strlcat.c */,
				09E889B42CB6DC440079B4BA /* ft_strlcpy.c */,
				09E889AE2CB6DC440079B4BA /* ft_strlen.c */,
				09E889DC2CB6DC440079B4BA /* ft_strmapi.c */,
				09E889C52CB6DC440079B4BA /* ft_strncmp.c */,
				09E889B32CB6DC440079B4BA /* ft_strnstr.c */,
				09E889B12CB6DC440079B4BA /* ft_strrchr.c */,
				09E889D12CB6DC440079B4BA /* ft_strtrim.c */,
				09E889C42CB6DC440079B4BA /* ft_substr.c */,
				09E889BE2CB6DC440079B4BA /* ft_tolower.c */,
				09E889C02CB6DC440079B4BA /* ft_toupper.c */,
				09E889CD2CB6DC440079B4BA /* get_next_line.c */,
				09E889BC2CB6DC440079B4BA /* libft.h */,
				09E889AC2CB6DC440079B4BA /* print_char.c */,
				09E889B62CB6DC440079B4BA /* print_hex.c */,
				09E889B82CB6DC440079B4BA /* print_int.c */,
				09E889D72CB6DC440079B4BA /* print_pointer.c */,
				09E889B02CB6DC440079B4BA /* print_string.c */,
				09E889BD2CB6DC440079B4BA /* print_unsigned.c */,
			);
			path = libft;
			sourceTree = "<group>";
		};
/* End PBXGroup section */

/* Begin PBXNativeTarget section */
		09A14CC12C9DD4AC0079C7F1 /* push_swap */ = {
			isa = PBXNativeTarget;
			buildConfigurationList = 09A14CC92C9DD4AC0079C7F1 /* Build configuration list for PBXNativeTarget "push_swap" */;
			buildPhases = (
				09A14CBE2C9DD4AC0079C7F1 /* Sources */,
				09A14CBF2C9DD4AC0079C7F1 /* Frameworks */,
				09A14CC02C9DD4AC0079C7F1 /* CopyFiles */,
			);
			buildRules = (
			);
			dependencies = (
			);
			name = push_swap;
			productName = push_swap;
			productReference = 09A14CC22C9DD4AC0079C7F1 /* push_swap */;
			productType = "com.apple.product-type.tool";
		};
/* End PBXNativeTarget section */

/* Begin PBXProject section */
		09A14CBA2C9DD4AC0079C7F1 /* Project object */ = {
			isa = PBXProject;
			attributes = {
				BuildIndependentTargetsInParallel = 1;
				LastUpgradeCheck = 1540;
				TargetAttributes = {
					09A14CC12C9DD4AC0079C7F1 = {
						CreatedOnToolsVersion = 15.4;
					};
				};
			};
			buildConfigurationList = 09A14CBD2C9DD4AC0079C7F1 /* Build configuration list for PBXProject "push_swap" */;
			compatibilityVersion = "Xcode 14.0";
			developmentRegion = en;
			hasScannedForEncodings = 0;
			knownRegions = (
				en,
				Base,
			);
			mainGroup = 09A14CB92C9DD4AC0079C7F1;
			productRefGroup = 09A14CC32C9DD4AC0079C7F1 /* Products */;
			projectDirPath = "";
			projectRoot = "";
			targets = (
				09A14CC12C9DD4AC0079C7F1 /* push_swap */,
			);
		};
/* End PBXProject section */

/* Begin PBXSourcesBuildPhase section */
		09A14CBE2C9DD4AC0079C7F1 /* Sources */ = {
			isa = PBXSourcesBuildPhase;
			buildActionMask = 2147483647;
			files = (
				09E889DE2CB6DC440079B4BA /* ft_atoi.c in Sources */,
				09E88A012CB6DC440079B4BA /* ft_putstr_fd.c in Sources */,
				09E889F72CB6DC440079B4BA /* ft_substr.c in Sources */,
				09E889F62CB6DC440079B4BA /* ft_strdup.c in Sources */,
				09E88A052CB6DC440079B4BA /* ft_itoa.c in Sources */,
				09E889E22CB6DC440079B4BA /* ft_strlen.c in Sources */,
				09E889FB2CB6DC440079B4BA /* ft_isascii.c in Sources */,
				09E88A002CB6DC440079B4BA /* get_next_line.c in Sources */,
				09E88A062CB6DC440079B4BA /* ft_lstdelone_bonus.c in Sources */,
				09E889F12CB6DC440079B4BA /* ft_tolower.c in Sources */,
				09E8891C2CB6D97C0079B4BA /* init_b_to_a.c in Sources */,
				09E889ED2CB6DC440079B4BA /* ft_putendl_fd.c in Sources */,
				09E88A072CB6DC440079B4BA /* ft_memcmp.c in Sources */,
				09E889EB2CB6DC440079B4BA /* ft_putnbr_fd.c in Sources */,
				09E88A042CB6DC440079B4BA /* ft_strtrim.c in Sources */,
				09E889F42CB6DC440079B4BA /* ft_bzero.c in Sources */,
				09E88A082CB6DC440079B4BA /* ft_split.c in Sources */,
				09E889212CB6D97C0079B4BA /* stack_utils.c in Sources */,
				09E889202CB6D97C0079B4BA /* stack_init.c in Sources */,
				09E8891E2CB6D97C0079B4BA /* init_a_to_b.c in Sources */,
				09E8892E2CB6D99A0079B4BA /* swap.c in Sources */,
				09E8892B2CB6D99A0079B4BA /* sort_three.c in Sources */,
				09E889F92CB6DC440079B4BA /* ft_lstnew_bonus.c in Sources */,
				09E889F02CB6DC440079B4BA /* print_unsigned.c in Sources */,
				09E889FD2CB6DC440079B4BA /* ft_isdigit.c in Sources */,
				09E889FA2CB6DC440079B4BA /* ft_lstadd_back_bonus.c in Sources */,
				09E88A0B2CB6DC440079B4BA /* ft_printf.c in Sources */,
				09E88A022CB6DC440079B4BA /* ft_lstadd_front_bonus.c in Sources */,
				09E889F52CB6DC440079B4BA /* ft_calloc.c in Sources */,
				09E88A0C2CB6DC440079B4BA /* ft_memchr.c in Sources */,
				09E889E02CB6DC440079B4BA /* print_char.c in Sources */,
				09E88A0F2CB6DC440079B4BA /* ft_strmapi.c in Sources */,
				09E8891D2CB6D97C0079B4BA /* handle_errors.c in Sources */,
				09E889FE2CB6DC440079B4BA /* ft_lstmap_bonus.c in Sources */,
				09E889E42CB6DC440079B4BA /* print_string.c in Sources */,
				09E889EF2CB6DC440079B4BA /* ft_strlcat.c in Sources */,
				09E889E52CB6DC440079B4BA /* ft_strrchr.c in Sources */,
				09E8892A2CB6D99A0079B4BA /* rotate.c in Sources */,
				09E889E72CB6DC440079B4BA /* ft_strnstr.c in Sources */,
				09E889EC2CB6DC440079B4BA /* print_int.c in Sources */,
				09E889292CB6D99A0079B4BA /* rev_rotate.c in Sources */,
				09E88A102CB6DC440079B4BA /* ft_lstiter_bonus.c in Sources */,
				09E889E82CB6DC440079B4BA /* ft_strlcpy.c in Sources */,
				09E889F32CB6DC440079B4BA /* ft_toupper.c in Sources */,
				09E889EE2CB6DC440079B4BA /* ft_lstlast_bonus.c in Sources */,
				09E889E12CB6DC440079B4BA /* ft_lstsize_bonus.c in Sources */,
				09E889FF2CB6DC440079B4BA /* ft_strchr.c in Sources */,
				09E889F82CB6DC440079B4BA /* ft_strncmp.c in Sources */,
				09E889DF2CB6DC440079B4BA /* ft_lstclear_bonus.c in Sources */,
				09E889152CB6D9600079B4BA /* push_swap.c in Sources */,
				09E889EA2CB6DC440079B4BA /* print_hex.c in Sources */,
				09E88A092CB6DC440079B4BA /* ft_striteri.c in Sources */,
				09E889E32CB6DC440079B4BA /* ft_putchar_fd.c in Sources */,
				09E889E62CB6DC440079B4BA /* ft_isalpha.c in Sources */,
				09E88A0D2CB6DC440079B4BA /* ft_isalnum.c in Sources */,
				09E8892C2CB6D99A0079B4BA /* push.c in Sources */,
				09E88A0E2CB6DC440079B4BA /* ft_memmove.c in Sources */,
				09E889FC2CB6DC440079B4BA /* ft_isprint.c in Sources */,
				09E889E92CB6DC440079B4BA /* ft_memcpy.c in Sources */,
				09E88A0A2CB6DC440079B4BA /* print_pointer.c in Sources */,
				09E889F22CB6DC440079B4BA /* ft_strjoin.c in Sources */,
				09E8891F2CB6D97C0079B4BA /* split.c in Sources */,
				09E8892D2CB6D99A0079B4BA /* sort_stacks.c in Sources */,
				09E88A032CB6DC440079B4BA /* ft_memset.c in Sources */,
			);
			runOnlyForDeploymentPostprocessing = 0;
		};
/* End PBXSourcesBuildPhase section */

/* Begin XCBuildConfiguration section */
		09A14CC72C9DD4AC0079C7F1 /* Debug */ = {
			isa = XCBuildConfiguration;
			buildSettings = {
				ALWAYS_SEARCH_USER_PATHS = NO;
				ASSETCATALOG_COMPILER_GENERATE_SWIFT_ASSET_SYMBOL_EXTENSIONS = YES;
				CLANG_ANALYZER_NONNULL = YES;
				CLANG_ANALYZER_NUMBER_OBJECT_CONVERSION = YES_AGGRESSIVE;
				CLANG_CXX_LANGUAGE_STANDARD = "gnu++20";
				CLANG_ENABLE_MODULES = YES;
				CLANG_ENABLE_OBJC_ARC = YES;
				CLANG_ENABLE_OBJC_WEAK = YES;
				CLANG_WARN_BLOCK_CAPTURE_AUTORELEASING = YES;
				CLANG_WARN_BOOL_CONVERSION = YES;
				CLANG_WARN_COMMA = YES;
				CLANG_WARN_CONSTANT_CONVERSION = YES;
				CLANG_WARN_DEPRECATED_OBJC_IMPLEMENTATIONS = YES;
				CLANG_WARN_DIRECT_OBJC_ISA_USAGE = YES_ERROR;
				CLANG_WARN_DOCUMENTATION_COMMENTS = YES;
				CLANG_WARN_EMPTY_BODY = YES;
				CLANG_WARN_ENUM_CONVERSION = YES;
				CLANG_WARN_INFINITE_RECURSION = YES;
				CLANG_WARN_INT_CONVERSION = YES;
				CLANG_WARN_NON_LITERAL_NULL_CONVERSION = YES;
				CLANG_WARN_OBJC_IMPLICIT_RETAIN_SELF = YES;
				CLANG_WARN_OBJC_LITERAL_CONVERSION = YES;
				CLANG_WARN_OBJC_ROOT_CLASS = YES_ERROR;
				CLANG_WARN_QUOTED_INCLUDE_IN_FRAMEWORK_HEADER = YES;
				CLANG_WARN_RANGE_LOOP_ANALYSIS = YES;
				CLANG_WARN_STRICT_PROTOTYPES = YES;
				CLANG_WARN_SUSPICIOUS_MOVE = YES;
				CLANG_WARN_UNGUARDED_AVAILABILITY = YES_AGGRESSIVE;
				CLANG_WARN_UNREACHABLE_CODE = YES;
				CLANG_WARN__DUPLICATE_METHOD_MATCH = YES;
				COPY_PHASE_STRIP = NO;
				DEBUG_INFORMATION_FORMAT = dwarf;
				ENABLE_STRICT_OBJC_MSGSEND = YES;
				ENABLE_TESTABILITY = YES;
				ENABLE_USER_SCRIPT_SANDBOXING = YES;
				GCC_C_LANGUAGE_STANDARD = gnu17;
				GCC_DYNAMIC_NO_PIC = NO;
				GCC_NO_COMMON_BLOCKS = YES;
				GCC_OPTIMIZATION_LEVEL = 0;
				GCC_PREPROCESSOR_DEFINITIONS = (
					"DEBUG=1",
					"$(inherited)",
				);
				GCC_WARN_64_TO_32_BIT_CONVERSION = YES;
				GCC_WARN_ABOUT_RETURN_TYPE = YES_ERROR;
				GCC_WARN_UNDECLARED_SELECTOR = YES;
				GCC_WARN_UNINITIALIZED_AUTOS = YES_AGGRESSIVE;
				GCC_WARN_UNUSED_FUNCTION = YES;
				GCC_WARN_UNUSED_VARIABLE = YES;
				LOCALIZATION_PREFERS_STRING_CATALOGS = YES;
				MACOSX_DEPLOYMENT_TARGET = 14.5;
				MTL_ENABLE_DEBUG_INFO = INCLUDE_SOURCE;
				MTL_FAST_MATH = YES;
				ONLY_ACTIVE_ARCH = YES;
				SDKROOT = macosx;
			};
			name = Debug;
		};
		09A14CC82C9DD4AC0079C7F1 /* Release */ = {
			isa = XCBuildConfiguration;
			buildSettings = {
				ALWAYS_SEARCH_USER_PATHS = NO;
				ASSETCATALOG_COMPILER_GENERATE_SWIFT_ASSET_SYMBOL_EXTENSIONS = YES;
				CLANG_ANALYZER_NONNULL = YES;
				CLANG_ANALYZER_NUMBER_OBJECT_CONVERSION = YES_AGGRESSIVE;
				CLANG_CXX_LANGUAGE_STANDARD = "gnu++20";
				CLANG_ENABLE_MODULES = YES;
				CLANG_ENABLE_OBJC_ARC = YES;
				CLANG_ENABLE_OBJC_WEAK = YES;
				CLANG_WARN_BLOCK_CAPTURE_AUTORELEASING = YES;
				CLANG_WARN_BOOL_CONVERSION = YES;
				CLANG_WARN_COMMA = YES;
				CLANG_WARN_CONSTANT_CONVERSION = YES;
				CLANG_WARN_DEPRECATED_OBJC_IMPLEMENTATIONS = YES;
				CLANG_WARN_DIRECT_OBJC_ISA_USAGE = YES_ERROR;
				CLANG_WARN_DOCUMENTATION_COMMENTS = YES;
				CLANG_WARN_EMPTY_BODY = YES;
				CLANG_WARN_ENUM_CONVERSION = YES;
				CLANG_WARN_INFINITE_RECURSION = YES;
				CLANG_WARN_INT_CONVERSION = YES;
				CLANG_WARN_NON_LITERAL_NULL_CONVERSION = YES;
				CLANG_WARN_OBJC_IMPLICIT_RETAIN_SELF = YES;
				CLANG_WARN_OBJC_LITERAL_CONVERSION = YES;
				CLANG_WARN_OBJC_ROOT_CLASS = YES_ERROR;
				CLANG_WARN_QUOTED_INCLUDE_IN_FRAMEWORK_HEADER = YES;
				CLANG_WARN_RANGE_LOOP_ANALYSIS = YES;
				CLANG_WARN_STRICT_PROTOTYPES = YES;
				CLANG_WARN_SUSPICIOUS_MOVE = YES;
				CLANG_WARN_UNGUARDED_AVAILABILITY = YES_AGGRESSIVE;
				CLANG_WARN_UNREACHABLE_CODE = YES;
				CLANG_WARN__DUPLICATE_METHOD_MATCH = YES;
				COPY_PHASE_STRIP = NO;
				DEBUG_INFORMATION_FORMAT = "dwarf-with-dsym";
				ENABLE_NS_ASSERTIONS = NO;
				ENABLE_STRICT_OBJC_MSGSEND = YES;
				ENABLE_USER_SCRIPT_SANDBOXING = YES;
				GCC_C_LANGUAGE_STANDARD = gnu17;
				GCC_NO_COMMON_BLOCKS = YES;
				GCC_WARN_64_TO_32_BIT_CONVERSION = YES;
				GCC_WARN_ABOUT_RETURN_TYPE = YES_ERROR;
				GCC_WARN_UNDECLARED_SELECTOR = YES;
				GCC_WARN_UNINITIALIZED_AUTOS = YES_AGGRESSIVE;
				GCC_WARN_UNUSED_FUNCTION = YES;
				GCC_WARN_UNUSED_VARIABLE = YES;
				LOCALIZATION_PREFERS_STRING_CATALOGS = YES;
				MACOSX_DEPLOYMENT_TARGET = 14.5;
				MTL_ENABLE_DEBUG_INFO = NO;
				MTL_FAST_MATH = YES;
				SDKROOT = macosx;
			};
			name = Release;
		};
		09A14CCA2C9DD4AC0079C7F1 /* Debug */ = {
			isa = XCBuildConfiguration;
			buildSettings = {
				CODE_SIGN_STYLE = Automatic;
				PRODUCT_NAME = "$(TARGET_NAME)";
			};
			name = Debug;
		};
		09A14CCB2C9DD4AC0079C7F1 /* Release */ = {
			isa = XCBuildConfiguration;
			buildSettings = {
				CODE_SIGN_STYLE = Automatic;
				PRODUCT_NAME = "$(TARGET_NAME)";
			};
			name = Release;
		};
/* End XCBuildConfiguration section */

/* Begin XCConfigurationList section */
		09A14CBD2C9DD4AC0079C7F1 /* Build configuration list for PBXProject "push_swap" */ = {
			isa = XCConfigurationList;
			buildConfigurations = (
				09A14CC72C9DD4AC0079C7F1 /* Debug */,
				09A14CC82C9DD4AC0079C7F1 /* Release */,
			);
			defaultConfigurationIsVisible = 0;
			defaultConfigurationName = Release;
		};
		09A14CC92C9DD4AC0079C7F1 /* Build configuration list for PBXNativeTarget "push_swap" */ = {
			isa = XCConfigurationList;
			buildConfigurations = (
				09A14CCA2C9DD4AC0079C7F1 /* Debug */,
				09A14CCB2C9DD4AC0079C7F1 /* Release */,
			);
			defaultConfigurationIsVisible = 0;
			defaultConfigurationName = Release;
		};
/* End XCConfigurationList section */
	};
	rootObject = 09A14CBA2C9DD4AC0079C7F1 /* Project object */;
}
