// !$*UTF8*$!
{
	archiveVersion = 1;
	classes = {
	};
	objectVersion = 56;
	objects = {

/* Begin PBXBuildFile section */
		09A14CC62C9DD4AC0079C7F1 /* push_swap.c in Sources */ = {isa = PBXBuildFile; fileRef = 09A14CC52C9DD4AC0079C7F1 /* push_swap.c */; };
		09A14CCE2C9DDA000079C7F1 /* swap.c in Sources */ = {isa = PBXBuildFile; fileRef = 09A14CCD2C9DDA000079C7F1 /* swap.c */; };
		09A14D0B2C9DE2C80079C7F1 /* process_stack.c in Sources */ = {isa = PBXBuildFile; fileRef = 09A14D0A2C9DE2C80079C7F1 /* process_stack.c */; };
		09A14DAB2CA02D900079C7F1 /* ft_lstadd_front_bonus.c in Sources */ = {isa = PBXBuildFile; fileRef = 09A14CD92C9DDF290079C7F1 /* ft_lstadd_front_bonus.c */; };
		09A14DAC2CA02D900079C7F1 /* ft_lstlast_bonus.c in Sources */ = {isa = PBXBuildFile; fileRef = 09A14CDD2C9DDF290079C7F1 /* ft_lstlast_bonus.c */; };
		09A14DAD2CA02D900079C7F1 /* print_hex.c in Sources */ = {isa = PBXBuildFile; fileRef = 09A14D002C9DDF290079C7F1 /* print_hex.c */; };
		09A14DAE2CA02D900079C7F1 /* ft_memchr.c in Sources */ = {isa = PBXBuildFile; fileRef = 09A14CE12C9DDF290079C7F1 /* ft_memchr.c */; };
		09A14DAF2CA02D900079C7F1 /* ft_calloc.c in Sources */ = {isa = PBXBuildFile; fileRef = 09A14CD12C9DDF290079C7F1 /* ft_calloc.c */; };
		09A14DB02CA02D900079C7F1 /* ft_lstmap_bonus.c in Sources */ = {isa = PBXBuildFile; fileRef = 09A14CDE2C9DDF290079C7F1 /* ft_lstmap_bonus.c */; };
		09A14DB12CA02D900079C7F1 /* ft_split.c in Sources */ = {isa = PBXBuildFile; fileRef = 09A14CEC2C9DDF290079C7F1 /* ft_split.c */; };
		09A14DB22CA02D900079C7F1 /* ft_strlen.c in Sources */ = {isa = PBXBuildFile; fileRef = 09A14CF32C9DDF290079C7F1 /* ft_strlen.c */; };
		09A14DB32CA02D900079C7F1 /* ft_putstr_fd.c in Sources */ = {isa = PBXBuildFile; fileRef = 09A14CEB2C9DDF290079C7F1 /* ft_putstr_fd.c */; };
		09A14DB42CA02D900079C7F1 /* ft_isdigit.c in Sources */ = {isa = PBXBuildFile; fileRef = 09A14CD52C9DDF290079C7F1 /* ft_isdigit.c */; };
		09A14DB52CA02D900079C7F1 /* ft_lstadd_back_bonus.c in Sources */ = {isa = PBXBuildFile; fileRef = 09A14CD82C9DDF290079C7F1 /* ft_lstadd_back_bonus.c */; };
		09A14DB62CA02D900079C7F1 /* ft_lstsize_bonus.c in Sources */ = {isa = PBXBuildFile; fileRef = 09A14CE02C9DDF290079C7F1 /* ft_lstsize_bonus.c */; };
		09A14DB72CA02D900079C7F1 /* ft_memset.c in Sources */ = {isa = PBXBuildFile; fileRef = 09A14CE52C9DDF290079C7F1 /* ft_memset.c */; };
		09A14DB82CA02D900079C7F1 /* ft_strlcpy.c in Sources */ = {isa = PBXBuildFile; fileRef = 09A14CF22C9DDF290079C7F1 /* ft_strlcpy.c */; };
		09A14DB92CA02D900079C7F1 /* ft_putendl_fd.c in Sources */ = {isa = PBXBuildFile; fileRef = 09A14CE92C9DDF290079C7F1 /* ft_putendl_fd.c */; };
		09A14DBA2CA02D900079C7F1 /* print_string.c in Sources */ = {isa = PBXBuildFile; fileRef = 09A14D032C9DDF290079C7F1 /* print_string.c */; };
		09A14DBB2CA02D900079C7F1 /* ft_printf.c in Sources */ = {isa = PBXBuildFile; fileRef = 09A14CE62C9DDF290079C7F1 /* ft_printf.c */; };
		09A14DBC2CA02D900079C7F1 /* print_unsigned.c in Sources */ = {isa = PBXBuildFile; fileRef = 09A14D042C9DDF290079C7F1 /* print_unsigned.c */; };
		09A14DBD2CA02D900079C7F1 /* ft_tolower.c in Sources */ = {isa = PBXBuildFile; fileRef = 09A14CFA2C9DDF290079C7F1 /* ft_tolower.c */; };
		09A14DBE2CA02D900079C7F1 /* ft_memcpy.c in Sources */ = {isa = PBXBuildFile; fileRef = 09A14CE32C9DDF290079C7F1 /* ft_memcpy.c */; };
		09A14DBF2CA02D900079C7F1 /* ft_isprint.c in Sources */ = {isa = PBXBuildFile; fileRef = 09A14CD62C9DDF290079C7F1 /* ft_isprint.c */; };
		09A14DC02CA02D900079C7F1 /* print_char.c in Sources */ = {isa = PBXBuildFile; fileRef = 09A14CFF2C9DDF290079C7F1 /* print_char.c */; };
		09A14DC12CA02D900079C7F1 /* ft_bzero.c in Sources */ = {isa = PBXBuildFile; fileRef = 09A14CD02C9DDF290079C7F1 /* ft_bzero.c */; };
		09A14DC22CA02D900079C7F1 /* ft_toupper.c in Sources */ = {isa = PBXBuildFile; fileRef = 09A14CFB2C9DDF290079C7F1 /* ft_toupper.c */; };
		09A14DC32CA02D900079C7F1 /* ft_memmove.c in Sources */ = {isa = PBXBuildFile; fileRef = 09A14CE42C9DDF290079C7F1 /* ft_memmove.c */; };
		09A14DC42CA02D900079C7F1 /* print_int.c in Sources */ = {isa = PBXBuildFile; fileRef = 09A14D012C9DDF290079C7F1 /* print_int.c */; };
		09A14DC52CA02D900079C7F1 /* ft_strjoin.c in Sources */ = {isa = PBXBuildFile; fileRef = 09A14CF02C9DDF290079C7F1 /* ft_strjoin.c */; };
		09A14DC62CA02D900079C7F1 /* ft_memcmp.c in Sources */ = {isa = PBXBuildFile; fileRef = 09A14CE22C9DDF290079C7F1 /* ft_memcmp.c */; };
		09A14DC72CA02D900079C7F1 /* ft_putnbr_fd.c in Sources */ = {isa = PBXBuildFile; fileRef = 09A14CEA2C9DDF290079C7F1 /* ft_putnbr_fd.c */; };
		09A14DC82CA02D900079C7F1 /* ft_isalpha.c in Sources */ = {isa = PBXBuildFile; fileRef = 09A14CD32C9DDF290079C7F1 /* ft_isalpha.c */; };
		09A14DC92CA02D900079C7F1 /* ft_isalnum.c in Sources */ = {isa = PBXBuildFile; fileRef = 09A14CD22C9DDF290079C7F1 /* ft_isalnum.c */; };
		09A14DCA2CA02D900079C7F1 /* ft_itoa.c in Sources */ = {isa = PBXBuildFile; fileRef = 09A14CD72C9DDF290079C7F1 /* ft_itoa.c */; };
		09A14DCB2CA02D900079C7F1 /* ft_putchar_fd.c in Sources */ = {isa = PBXBuildFile; fileRef = 09A14CE82C9DDF290079C7F1 /* ft_putchar_fd.c */; };
		09A14DCC2CA02D900079C7F1 /* ft_strnstr.c in Sources */ = {isa = PBXBuildFile; fileRef = 09A14CF62C9DDF290079C7F1 /* ft_strnstr.c */; };
		09A14DCD2CA02D900079C7F1 /* ft_isascii.c in Sources */ = {isa = PBXBuildFile; fileRef = 09A14CD42C9DDF290079C7F1 /* ft_isascii.c */; };
		09A14DCE2CA02D900079C7F1 /* ft_striteri.c in Sources */ = {isa = PBXBuildFile; fileRef = 09A14CEF2C9DDF290079C7F1 /* ft_striteri.c */; };
		09A14DCF2CA02D900079C7F1 /* ft_strdup.c in Sources */ = {isa = PBXBuildFile; fileRef = 09A14CEE2C9DDF290079C7F1 /* ft_strdup.c */; };
		09A14DD02CA02D900079C7F1 /* ft_lstdelone_bonus.c in Sources */ = {isa = PBXBuildFile; fileRef = 09A14CDB2C9DDF290079C7F1 /* ft_lstdelone_bonus.c */; };
		09A14DD12CA02D900079C7F1 /* ft_strrchr.c in Sources */ = {isa = PBXBuildFile; fileRef = 09A14CF72C9DDF290079C7F1 /* ft_strrchr.c */; };
		09A14DD22CA02D900079C7F1 /* ft_atoi.c in Sources */ = {isa = PBXBuildFile; fileRef = 09A14CCF2C9DDF290079C7F1 /* ft_atoi.c */; };
		09A14DD32CA02D900079C7F1 /* ft_strtrim.c in Sources */ = {isa = PBXBuildFile; fileRef = 09A14CF82C9DDF290079C7F1 /* ft_strtrim.c */; };
		09A14DD42CA02D900079C7F1 /* ft_strncmp.c in Sources */ = {isa = PBXBuildFile; fileRef = 09A14CF52C9DDF290079C7F1 /* ft_strncmp.c */; };
		09A14DD52CA02D900079C7F1 /* ft_lstclear_bonus.c in Sources */ = {isa = PBXBuildFile; fileRef = 09A14CDA2C9DDF290079C7F1 /* ft_lstclear_bonus.c */; };
		09A14DD62CA02D900079C7F1 /* ft_lstnew_bonus.c in Sources */ = {isa = PBXBuildFile; fileRef = 09A14CDF2C9DDF290079C7F1 /* ft_lstnew_bonus.c */; };
		09A14DD72CA02D900079C7F1 /* print_pointer.c in Sources */ = {isa = PBXBuildFile; fileRef = 09A14D022C9DDF290079C7F1 /* print_pointer.c */; };
		09A14DD82CA02D900079C7F1 /* ft_strmapi.c in Sources */ = {isa = PBXBuildFile; fileRef = 09A14CF42C9DDF290079C7F1 /* ft_strmapi.c */; };
		09A14DD92CA02D900079C7F1 /* ft_lstiter_bonus.c in Sources */ = {isa = PBXBuildFile; fileRef = 09A14CDC2C9DDF290079C7F1 /* ft_lstiter_bonus.c */; };
		09A14DDA2CA02D900079C7F1 /* get_next_line.c in Sources */ = {isa = PBXBuildFile; fileRef = 09A14CFC2C9DDF290079C7F1 /* get_next_line.c */; };
		09A14DDB2CA02D900079C7F1 /* ft_strchr.c in Sources */ = {isa = PBXBuildFile; fileRef = 09A14CED2C9DDF290079C7F1 /* ft_strchr.c */; };
		09A14DDC2CA02D900079C7F1 /* ft_substr.c in Sources */ = {isa = PBXBuildFile; fileRef = 09A14CF92C9DDF290079C7F1 /* ft_substr.c */; };
		09A14DDD2CA02D900079C7F1 /* ft_strlcat.c in Sources */ = {isa = PBXBuildFile; fileRef = 09A14CF12C9DDF290079C7F1 /* ft_strlcat.c */; };
		09A14DDF2CA045E80079C7F1 /* check_stack_utils.c in Sources */ = {isa = PBXBuildFile; fileRef = 09A14DDE2CA045E80079C7F1 /* check_stack_utils.c */; };
		09A14DE12CA0805F0079C7F1 /* sorting_utils.c in Sources */ = {isa = PBXBuildFile; fileRef = 09A14DE02CA0805F0079C7F1 /* sorting_utils.c */; };
		09A14DE42CA08B4B0079C7F1 /* rotate.c in Sources */ = {isa = PBXBuildFile; fileRef = 09A14DE32CA08B4B0079C7F1 /* rotate.c */; };
		09A14DE62CA0967D0079C7F1 /* reverse_rotate.c in Sources */ = {isa = PBXBuildFile; fileRef = 09A14DE52CA0967D0079C7F1 /* reverse_rotate.c */; };
/* End PBXBuildFile section */

/* Begin PBXCopyFilesBuildPhase section */
		09A14CC02C9DD4AC0079C7F1 /* CopyFiles */ = {
			isa = PBXCopyFilesBuildPhase;
			buildActionMask = 2147483647;
			dstPath = /usr/share/man/man1/;
			dstSubfolderSpec = 0;
			files = (
			);
			runOnlyForDeploymentPostprocessing = 1;
		};
/* End PBXCopyFilesBuildPhase section */

/* Begin PBXFileReference section */
		09A14CC22C9DD4AC0079C7F1 /* push_swap */ = {isa = PBXFileReference; explicitFileType = "compiled.mach-o.executable"; includeInIndex = 0; path = push_swap; sourceTree = BUILT_PRODUCTS_DIR; };
		09A14CC52C9DD4AC0079C7F1 /* push_swap.c */ = {isa = PBXFileReference; lastKnownFileType = sourcecode.c.c; path = push_swap.c; sourceTree = "<group>"; };
		09A14CCD2C9DDA000079C7F1 /* swap.c */ = {isa = PBXFileReference; lastKnownFileType = sourcecode.c.c; path = swap.c; sourceTree = "<group>"; };
		09A14CCF2C9DDF290079C7F1 /* ft_atoi.c */ = {isa = PBXFileReference; lastKnownFileType = sourcecode.c.c; path = ft_atoi.c; sourceTree = "<group>"; };
		09A14CD02C9DDF290079C7F1 /* ft_bzero.c */ = {isa = PBXFileReference; lastKnownFileType = sourcecode.c.c; path = ft_bzero.c; sourceTree = "<group>"; };
		09A14CD12C9DDF290079C7F1 /* ft_calloc.c */ = {isa = PBXFileReference; lastKnownFileType = sourcecode.c.c; path = ft_calloc.c; sourceTree = "<group>"; };
		09A14CD22C9DDF290079C7F1 /* ft_isalnum.c */ = {isa = PBXFileReference; lastKnownFileType = sourcecode.c.c; path = ft_isalnum.c; sourceTree = "<group>"; };
		09A14CD32C9DDF290079C7F1 /* ft_isalpha.c */ = {isa = PBXFileReference; lastKnownFileType = sourcecode.c.c; path = ft_isalpha.c; sourceTree = "<group>"; };
		09A14CD42C9DDF290079C7F1 /* ft_isascii.c */ = {isa = PBXFileReference; lastKnownFileType = sourcecode.c.c; path = ft_isascii.c; sourceTree = "<group>"; };
		09A14CD52C9DDF290079C7F1 /* ft_isdigit.c */ = {isa = PBXFileReference; lastKnownFileType = sourcecode.c.c; path = ft_isdigit.c; sourceTree = "<group>"; };
		09A14CD62C9DDF290079C7F1 /* ft_isprint.c */ = {isa = PBXFileReference; lastKnownFileType = sourcecode.c.c; path = ft_isprint.c; sourceTree = "<group>"; };
		09A14CD72C9DDF290079C7F1 /* ft_itoa.c */ = {isa = PBXFileReference; lastKnownFileType = sourcecode.c.c; path = ft_itoa.c; sourceTree = "<group>"; };
		09A14CD82C9DDF290079C7F1 /* ft_lstadd_back_bonus.c */ = {isa = PBXFileReference; lastKnownFileType = sourcecode.c.c; path = ft_lstadd_back_bonus.c; sourceTree = "<group>"; };
		09A14CD92C9DDF290079C7F1 /* ft_lstadd_front_bonus.c */ = {isa = PBXFileReference; lastKnownFileType = sourcecode.c.c; path = ft_lstadd_front_bonus.c; sourceTree = "<group>"; };
		09A14CDA2C9DDF290079C7F1 /* ft_lstclear_bonus.c */ = {isa = PBXFileReference; lastKnownFileType = sourcecode.c.c; path = ft_lstclear_bonus.c; sourceTree = "<group>"; };
		09A14CDB2C9DDF290079C7F1 /* ft_lstdelone_bonus.c */ = {isa = PBXFileReference; lastKnownFileType = sourcecode.c.c; path = ft_lstdelone_bonus.c; sourceTree = "<group>"; };
		09A14CDC2C9DDF290079C7F1 /* ft_lstiter_bonus.c */ = {isa = PBXFileReference; lastKnownFileType = sourcecode.c.c; path = ft_lstiter_bonus.c; sourceTree = "<group>"; };
		09A14CDD2C9DDF290079C7F1 /* ft_lstlast_bonus.c */ = {isa = PBXFileReference; lastKnownFileType = sourcecode.c.c; path = ft_lstlast_bonus.c; sourceTree = "<group>"; };
		09A14CDE2C9DDF290079C7F1 /* ft_lstmap_bonus.c */ = {isa = PBXFileReference; lastKnownFileType = sourcecode.c.c; path = ft_lstmap_bonus.c; sourceTree = "<group>"; };
		09A14CDF2C9DDF290079C7F1 /* ft_lstnew_bonus.c */ = {isa = PBXFileReference; lastKnownFileType = sourcecode.c.c; path = ft_lstnew_bonus.c; sourceTree = "<group>"; };
		09A14CE02C9DDF290079C7F1 /* ft_lstsize_bonus.c */ = {isa = PBXFileReference; lastKnownFileType = sourcecode.c.c; path = ft_lstsize_bonus.c; sourceTree = "<group>"; };
		09A14CE12C9DDF290079C7F1 /* ft_memchr.c */ = {isa = PBXFileReference; lastKnownFileType = sourcecode.c.c; path = ft_memchr.c; sourceTree = "<group>"; };
		09A14CE22C9DDF290079C7F1 /* ft_memcmp.c */ = {isa = PBXFileReference; lastKnownFileType = sourcecode.c.c; path = ft_memcmp.c; sourceTree = "<group>"; };
		09A14CE32C9DDF290079C7F1 /* ft_memcpy.c */ = {isa = PBXFileReference; lastKnownFileType = sourcecode.c.c; path = ft_memcpy.c; sourceTree = "<group>"; };
		09A14CE42C9DDF290079C7F1 /* ft_memmove.c */ = {isa = PBXFileReference; lastKnownFileType = sourcecode.c.c; path = ft_memmove.c; sourceTree = "<group>"; };
		09A14CE52C9DDF290079C7F1 /* ft_memset.c */ = {isa = PBXFileReference; lastKnownFileType = sourcecode.c.c; path = ft_memset.c; sourceTree = "<group>"; };
		09A14CE62C9DDF290079C7F1 /* ft_printf.c */ = {isa = PBXFileReference; lastKnownFileType = sourcecode.c.c; path = ft_printf.c; sourceTree = "<group>"; };
		09A14CE82C9DDF290079C7F1 /* ft_putchar_fd.c */ = {isa = PBXFileReference; lastKnownFileType = sourcecode.c.c; path = ft_putchar_fd.c; sourceTree = "<group>"; };
		09A14CE92C9DDF290079C7F1 /* ft_putendl_fd.c */ = {isa = PBXFileReference; lastKnownFileType = sourcecode.c.c; path = ft_putendl_fd.c; sourceTree = "<group>"; };
		09A14CEA2C9DDF290079C7F1 /* ft_putnbr_fd.c */ = {isa = PBXFileReference; lastKnownFileType = sourcecode.c.c; path = ft_putnbr_fd.c; sourceTree = "<group>"; };
		09A14CEB2C9DDF290079C7F1 /* ft_putstr_fd.c */ = {isa = PBXFileReference; lastKnownFileType = sourcecode.c.c; path = ft_putstr_fd.c; sourceTree = "<group>"; };
		09A14CEC2C9DDF290079C7F1 /* ft_split.c */ = {isa = PBXFileReference; lastKnownFileType = sourcecode.c.c; path = ft_split.c; sourceTree = "<group>"; };
		09A14CED2C9DDF290079C7F1 /* ft_strchr.c */ = {isa = PBXFileReference; lastKnownFileType = sourcecode.c.c; path = ft_strchr.c; sourceTree = "<group>"; };
		09A14CEE2C9DDF290079C7F1 /* ft_strdup.c */ = {isa = PBXFileReference; lastKnownFileType = sourcecode.c.c; path = ft_strdup.c; sourceTree = "<group>"; };
		09A14CEF2C9DDF290079C7F1 /* ft_striteri.c */ = {isa = PBXFileReference; lastKnownFileType = sourcecode.c.c; path = ft_striteri.c; sourceTree = "<group>"; };
		09A14CF02C9DDF290079C7F1 /* ft_strjoin.c */ = {isa = PBXFileReference; lastKnownFileType = sourcecode.c.c; path = ft_strjoin.c; sourceTree = "<group>"; };
		09A14CF12C9DDF290079C7F1 /* ft_strlcat.c */ = {isa = PBXFileReference; lastKnownFileType = sourcecode.c.c; path = ft_strlcat.c; sourceTree = "<group>"; };
		09A14CF22C9DDF290079C7F1 /* ft_strlcpy.c */ = {isa = PBXFileReference; lastKnownFileType = sourcecode.c.c; path = ft_strlcpy.c; sourceTree = "<group>"; };
		09A14CF32C9DDF290079C7F1 /* ft_strlen.c */ = {isa = PBXFileReference; lastKnownFileType = sourcecode.c.c; path = ft_strlen.c; sourceTree = "<group>"; };
		09A14CF42C9DDF290079C7F1 /* ft_strmapi.c */ = {isa = PBXFileReference; lastKnownFileType = sourcecode.c.c; path = ft_strmapi.c; sourceTree = "<group>"; };
		09A14CF52C9DDF290079C7F1 /* ft_strncmp.c */ = {isa = PBXFileReference; lastKnownFileType = sourcecode.c.c; path = ft_strncmp.c; sourceTree = "<group>"; };
		09A14CF62C9DDF290079C7F1 /* ft_strnstr.c */ = {isa = PBXFileReference; lastKnownFileType = sourcecode.c.c; path = ft_strnstr.c; sourceTree = "<group>"; };
		09A14CF72C9DDF290079C7F1 /* ft_strrchr.c */ = {isa = PBXFileReference; lastKnownFileType = sourcecode.c.c; path = ft_strrchr.c; sourceTree = "<group>"; };
		09A14CF82C9DDF290079C7F1 /* ft_strtrim.c */ = {isa = PBXFileReference; lastKnownFileType = sourcecode.c.c; path = ft_strtrim.c; sourceTree = "<group>"; };
		09A14CF92C9DDF290079C7F1 /* ft_substr.c */ = {isa = PBXFileReference; lastKnownFileType = sourcecode.c.c; path = ft_substr.c; sourceTree = "<group>"; };
		09A14CFA2C9DDF290079C7F1 /* ft_tolower.c */ = {isa = PBXFileReference; lastKnownFileType = sourcecode.c.c; path = ft_tolower.c; sourceTree = "<group>"; };
		09A14CFB2C9DDF290079C7F1 /* ft_toupper.c */ = {isa = PBXFileReference; lastKnownFileType = sourcecode.c.c; path = ft_toupper.c; sourceTree = "<group>"; };
		09A14CFC2C9DDF290079C7F1 /* get_next_line.c */ = {isa = PBXFileReference; lastKnownFileType = sourcecode.c.c; path = get_next_line.c; sourceTree = "<group>"; };
		09A14CFD2C9DDF290079C7F1 /* libft.h */ = {isa = PBXFileReference; lastKnownFileType = sourcecode.c.h; path = libft.h; sourceTree = "<group>"; };
		09A14CFF2C9DDF290079C7F1 /* print_char.c */ = {isa = PBXFileReference; lastKnownFileType = sourcecode.c.c; path = print_char.c; sourceTree = "<group>"; };
		09A14D002C9DDF290079C7F1 /* print_hex.c */ = {isa = PBXFileReference; lastKnownFileType = sourcecode.c.c; path = print_hex.c; sourceTree = "<group>"; };
		09A14D012C9DDF290079C7F1 /* print_int.c */ = {isa = PBXFileReference; lastKnownFileType = sourcecode.c.c; path = print_int.c; sourceTree = "<group>"; };
		09A14D022C9DDF290079C7F1 /* print_pointer.c */ = {isa = PBXFileReference; lastKnownFileType = sourcecode.c.c; path = print_pointer.c; sourceTree = "<group>"; };
		09A14D032C9DDF290079C7F1 /* print_string.c */ = {isa = PBXFileReference; lastKnownFileType = sourcecode.c.c; path = print_string.c; sourceTree = "<group>"; };
		09A14D042C9DDF290079C7F1 /* print_unsigned.c */ = {isa = PBXFileReference; lastKnownFileType = sourcecode.c.c; path = print_unsigned.c; sourceTree = "<group>"; };
		09A14D072C9DDF3E0079C7F1 /* push_swap.h */ = {isa = PBXFileReference; lastKnownFileType = sourcecode.c.h; path = push_swap.h; sourceTree = "<group>"; };
		09A14D0A2C9DE2C80079C7F1 /* process_stack.c */ = {isa = PBXFileReference; lastKnownFileType = sourcecode.c.c; path = process_stack.c; sourceTree = "<group>"; };
		09A14DDE2CA045E80079C7F1 /* check_stack_utils.c */ = {isa = PBXFileReference; lastKnownFileType = sourcecode.c.c; path = check_stack_utils.c; sourceTree = "<group>"; };
		09A14DE02CA0805F0079C7F1 /* sorting_utils.c */ = {isa = PBXFileReference; lastKnownFileType = sourcecode.c.c; path = sorting_utils.c; sourceTree = "<group>"; };
		09A14DE32CA08B4B0079C7F1 /* rotate.c */ = {isa = PBXFileReference; lastKnownFileType = sourcecode.c.c; path = rotate.c; sourceTree = "<group>"; };
		09A14DE52CA0967D0079C7F1 /* reverse_rotate.c */ = {isa = PBXFileReference; lastKnownFileType = sourcecode.c.c; path = reverse_rotate.c; sourceTree = "<group>"; };
/* End PBXFileReference section */

/* Begin PBXFrameworksBuildPhase section */
		09A14CBF2C9DD4AC0079C7F1 /* Frameworks */ = {
			isa = PBXFrameworksBuildPhase;
			buildActionMask = 2147483647;
			files = (
			);
			runOnlyForDeploymentPostprocessing = 0;
		};
/* End PBXFrameworksBuildPhase section */

/* Begin PBXGroup section */
		09A14CB92C9DD4AC0079C7F1 = {
			isa = PBXGroup;
			children = (
				09A14CC42C9DD4AC0079C7F1 /* push_swap */,
				09A14CC32C9DD4AC0079C7F1 /* Products */,
			);
			sourceTree = "<group>";
		};
		09A14CC32C9DD4AC0079C7F1 /* Products */ = {
			isa = PBXGroup;
			children = (
				09A14CC22C9DD4AC0079C7F1 /* push_swap */,
			);
			name = Products;
			sourceTree = "<group>";
		};
		09A14CC42C9DD4AC0079C7F1 /* push_swap */ = {
			isa = PBXGroup;
			children = (
				09A14DE22CA085830079C7F1 /* operations */,
				09A14D092C9DDF770079C7F1 /* srcs */,
				09A14D082C9DDF3E0079C7F1 /* includes */,
				09A14D062C9DDF290079C7F1 /* lib */,
			);
			path = push_swap;
			sourceTree = "<group>";
		};
		09A14D052C9DDF290079C7F1 /* libft */ = {
			isa = PBXGroup;
			children = (
				09A14CCF2C9DDF290079C7F1 /* ft_atoi.c */,
				09A14CD02C9DDF290079C7F1 /* ft_bzero.c */,
				09A14CD12C9DDF290079C7F1 /* ft_calloc.c */,
				09A14CD22C9DDF290079C7F1 /* ft_isalnum.c */,
				09A14CD32C9DDF290079C7F1 /* ft_isalpha.c */,
				09A14CD42C9DDF290079C7F1 /* ft_isascii.c */,
				09A14CD52C9DDF290079C7F1 /* ft_isdigit.c */,
				09A14CD62C9DDF290079C7F1 /* ft_isprint.c */,
				09A14CD72C9DDF290079C7F1 /* ft_itoa.c */,
				09A14CD82C9DDF290079C7F1 /* ft_lstadd_back_bonus.c */,
				09A14CD92C9DDF290079C7F1 /* ft_lstadd_front_bonus.c */,
				09A14CDA2C9DDF290079C7F1 /* ft_lstclear_bonus.c */,
				09A14CDB2C9DDF290079C7F1 /* ft_lstdelone_bonus.c */,
				09A14CDC2C9DDF290079C7F1 /* ft_lstiter_bonus.c */,
				09A14CDD2C9DDF290079C7F1 /* ft_lstlast_bonus.c */,
				09A14CDE2C9DDF290079C7F1 /* ft_lstmap_bonus.c */,
				09A14CDF2C9DDF290079C7F1 /* ft_lstnew_bonus.c */,
				09A14CE02C9DDF290079C7F1 /* ft_lstsize_bonus.c */,
				09A14CE12C9DDF290079C7F1 /* ft_memchr.c */,
				09A14CE22C9DDF290079C7F1 /* ft_memcmp.c */,
				09A14CE32C9DDF290079C7F1 /* ft_memcpy.c */,
				09A14CE42C9DDF290079C7F1 /* ft_memmove.c */,
				09A14CE52C9DDF290079C7F1 /* ft_memset.c */,
				09A14CE62C9DDF290079C7F1 /* ft_printf.c */,
				09A14CE82C9DDF290079C7F1 /* ft_putchar_fd.c */,
				09A14CE92C9DDF290079C7F1 /* ft_putendl_fd.c */,
				09A14CEA2C9DDF290079C7F1 /* ft_putnbr_fd.c */,
				09A14CEB2C9DDF290079C7F1 /* ft_putstr_fd.c */,
				09A14CEC2C9DDF290079C7F1 /* ft_split.c */,
				09A14CED2C9DDF290079C7F1 /* ft_strchr.c */,
				09A14CEE2C9DDF290079C7F1 /* ft_strdup.c */,
				09A14CEF2C9DDF290079C7F1 /* ft_striteri.c */,
				09A14CF02C9DDF290079C7F1 /* ft_strjoin.c */,
				09A14CF12C9DDF290079C7F1 /* ft_strlcat.c */,
				09A14CF22C9DDF290079C7F1 /* ft_strlcpy.c */,
				09A14CF32C9DDF290079C7F1 /* ft_strlen.c */,
				09A14CF42C9DDF290079C7F1 /* ft_strmapi.c */,
				09A14CF52C9DDF290079C7F1 /* ft_strncmp.c */,
				09A14CF62C9DDF290079C7F1 /* ft_strnstr.c */,
				09A14CF72C9DDF290079C7F1 /* ft_strrchr.c */,
				09A14CF82C9DDF290079C7F1 /* ft_strtrim.c */,
				09A14CF92C9DDF290079C7F1 /* ft_substr.c */,
				09A14CFA2C9DDF290079C7F1 /* ft_tolower.c */,
				09A14CFB2C9DDF290079C7F1 /* ft_toupper.c */,
				09A14CFC2C9DDF290079C7F1 /* get_next_line.c */,
				09A14CFD2C9DDF290079C7F1 /* libft.h */,
				09A14CFF2C9DDF290079C7F1 /* print_char.c */,
				09A14D002C9DDF290079C7F1 /* print_hex.c */,
				09A14D012C9DDF290079C7F1 /* print_int.c */,
				09A14D022C9DDF290079C7F1 /* print_pointer.c */,
				09A14D032C9DDF290079C7F1 /* print_string.c */,
				09A14D042C9DDF290079C7F1 /* print_unsigned.c */,
			);
			path = libft;
			sourceTree = "<group>";
		};
		09A14D062C9DDF290079C7F1 /* lib */ = {
			isa = PBXGroup;
			children = (
				09A14D052C9DDF290079C7F1 /* libft */,
			);
			path = lib;
			sourceTree = "<group>";
		};
		09A14D082C9DDF3E0079C7F1 /* includes */ = {
			isa = PBXGroup;
			children = (
				09A14D072C9DDF3E0079C7F1 /* push_swap.h */,
			);
			path = includes;
			sourceTree = "<group>";
		};
		09A14D092C9DDF770079C7F1 /* srcs */ = {
			isa = PBXGroup;
			children = (
				09A14CC52C9DD4AC0079C7F1 /* push_swap.c */,
				09A14DE02CA0805F0079C7F1 /* sorting_utils.c */,
				09A14DDE2CA045E80079C7F1 /* check_stack_utils.c */,
				09A14D0A2C9DE2C80079C7F1 /* process_stack.c */,
			);
			path = srcs;
			sourceTree = "<group>";
		};
		09A14DE22CA085830079C7F1 /* operations */ = {
			isa = PBXGroup;
			children = (
				09A14CCD2C9DDA000079C7F1 /* swap.c */,
				09A14DE32CA08B4B0079C7F1 /* rotate.c */,
				09A14DE52CA0967D0079C7F1 /* reverse_rotate.c */,
			);
			path = operations;
			sourceTree = "<group>";
		};
/* End PBXGroup section */

/* Begin PBXNativeTarget section */
		09A14CC12C9DD4AC0079C7F1 /* push_swap */ = {
			isa = PBXNativeTarget;
			buildConfigurationList = 09A14CC92C9DD4AC0079C7F1 /* Build configuration list for PBXNativeTarget "push_swap" */;
			buildPhases = (
				09A14CBE2C9DD4AC0079C7F1 /* Sources */,
				09A14CBF2C9DD4AC0079C7F1 /* Frameworks */,
				09A14CC02C9DD4AC0079C7F1 /* CopyFiles */,
			);
			buildRules = (
			);
			dependencies = (
			);
			name = push_swap;
			productName = push_swap;
			productReference = 09A14CC22C9DD4AC0079C7F1 /* push_swap */;
			productType = "com.apple.product-type.tool";
		};
/* End PBXNativeTarget section */

/* Begin PBXProject section */
		09A14CBA2C9DD4AC0079C7F1 /* Project object */ = {
			isa = PBXProject;
			attributes = {
				BuildIndependentTargetsInParallel = 1;
				LastUpgradeCheck = 1540;
				TargetAttributes = {
					09A14CC12C9DD4AC0079C7F1 = {
						CreatedOnToolsVersion = 15.4;
					};
				};
			};
			buildConfigurationList = 09A14CBD2C9DD4AC0079C7F1 /* Build configuration list for PBXProject "push_swap" */;
			compatibilityVersion = "Xcode 14.0";
			developmentRegion = en;
			hasScannedForEncodings = 0;
			knownRegions = (
				en,
				Base,
			);
			mainGroup = 09A14CB92C9DD4AC0079C7F1;
			productRefGroup = 09A14CC32C9DD4AC0079C7F1 /* Products */;
			projectDirPath = "";
			projectRoot = "";
			targets = (
				09A14CC12C9DD4AC0079C7F1 /* push_swap */,
			);
		};
/* End PBXProject section */

/* Begin PBXSourcesBuildPhase section */
		09A14CBE2C9DD4AC0079C7F1 /* Sources */ = {
			isa = PBXSourcesBuildPhase;
			buildActionMask = 2147483647;
			files = (
				09A14D0B2C9DE2C80079C7F1 /* process_stack.c in Sources */,
				09A14DAB2CA02D900079C7F1 /* ft_lstadd_front_bonus.c in Sources */,
				09A14DAC2CA02D900079C7F1 /* ft_lstlast_bonus.c in Sources */,
				09A14DAD2CA02D900079C7F1 /* print_hex.c in Sources */,
				09A14DAE2CA02D900079C7F1 /* ft_memchr.c in Sources */,
				09A14DAF2CA02D900079C7F1 /* ft_calloc.c in Sources */,
				09A14DB02CA02D900079C7F1 /* ft_lstmap_bonus.c in Sources */,
				09A14DB12CA02D900079C7F1 /* ft_split.c in Sources */,
				09A14DB22CA02D900079C7F1 /* ft_strlen.c in Sources */,
				09A14DB32CA02D900079C7F1 /* ft_putstr_fd.c in Sources */,
				09A14DB42CA02D900079C7F1 /* ft_isdigit.c in Sources */,
				09A14DB52CA02D900079C7F1 /* ft_lstadd_back_bonus.c in Sources */,
				09A14DB62CA02D900079C7F1 /* ft_lstsize_bonus.c in Sources */,
				09A14DB72CA02D900079C7F1 /* ft_memset.c in Sources */,
				09A14DB82CA02D900079C7F1 /* ft_strlcpy.c in Sources */,
				09A14DB92CA02D900079C7F1 /* ft_putendl_fd.c in Sources */,
				09A14DBA2CA02D900079C7F1 /* print_string.c in Sources */,
				09A14DE62CA0967D0079C7F1 /* reverse_rotate.c in Sources */,
				09A14DBB2CA02D900079C7F1 /* ft_printf.c in Sources */,
				09A14DDF2CA045E80079C7F1 /* check_stack_utils.c in Sources */,
				09A14DBC2CA02D900079C7F1 /* print_unsigned.c in Sources */,
				09A14DBD2CA02D900079C7F1 /* ft_tolower.c in Sources */,
				09A14DBE2CA02D900079C7F1 /* ft_memcpy.c in Sources */,
				09A14DBF2CA02D900079C7F1 /* ft_isprint.c in Sources */,
				09A14DC02CA02D900079C7F1 /* print_char.c in Sources */,
				09A14DC12CA02D900079C7F1 /* ft_bzero.c in Sources */,
				09A14DC22CA02D900079C7F1 /* ft_toupper.c in Sources */,
				09A14DC32CA02D900079C7F1 /* ft_memmove.c in Sources */,
				09A14DC42CA02D900079C7F1 /* print_int.c in Sources */,
				09A14DC52CA02D900079C7F1 /* ft_strjoin.c in Sources */,
				09A14DC62CA02D900079C7F1 /* ft_memcmp.c in Sources */,
				09A14DC72CA02D900079C7F1 /* ft_putnbr_fd.c in Sources */,
				09A14DC82CA02D900079C7F1 /* ft_isalpha.c in Sources */,
				09A14DC92CA02D900079C7F1 /* ft_isalnum.c in Sources */,
				09A14DCA2CA02D900079C7F1 /* ft_itoa.c in Sources */,
				09A14DCB2CA02D900079C7F1 /* ft_putchar_fd.c in Sources */,
				09A14DE42CA08B4B0079C7F1 /* rotate.c in Sources */,
				09A14DCC2CA02D900079C7F1 /* ft_strnstr.c in Sources */,
				09A14DCD2CA02D900079C7F1 /* ft_isascii.c in Sources */,
				09A14DCE2CA02D900079C7F1 /* ft_striteri.c in Sources */,
				09A14DE12CA0805F0079C7F1 /* sorting_utils.c in Sources */,
				09A14DCF2CA02D900079C7F1 /* ft_strdup.c in Sources */,
				09A14DD02CA02D900079C7F1 /* ft_lstdelone_bonus.c in Sources */,
				09A14DD12CA02D900079C7F1 /* ft_strrchr.c in Sources */,
				09A14DD22CA02D900079C7F1 /* ft_atoi.c in Sources */,
				09A14DD32CA02D900079C7F1 /* ft_strtrim.c in Sources */,
				09A14DD42CA02D900079C7F1 /* ft_strncmp.c in Sources */,
				09A14DD52CA02D900079C7F1 /* ft_lstclear_bonus.c in Sources */,
				09A14DD62CA02D900079C7F1 /* ft_lstnew_bonus.c in Sources */,
				09A14DD72CA02D900079C7F1 /* print_pointer.c in Sources */,
				09A14DD82CA02D900079C7F1 /* ft_strmapi.c in Sources */,
				09A14DD92CA02D900079C7F1 /* ft_lstiter_bonus.c in Sources */,
				09A14DDA2CA02D900079C7F1 /* get_next_line.c in Sources */,
				09A14DDB2CA02D900079C7F1 /* ft_strchr.c in Sources */,
				09A14DDC2CA02D900079C7F1 /* ft_substr.c in Sources */,
				09A14DDD2CA02D900079C7F1 /* ft_strlcat.c in Sources */,
				09A14CC62C9DD4AC0079C7F1 /* push_swap.c in Sources */,
				09A14CCE2C9DDA000079C7F1 /* swap.c in Sources */,
			);
			runOnlyForDeploymentPostprocessing = 0;
		};
/* End PBXSourcesBuildPhase section */

/* Begin XCBuildConfiguration section */
		09A14CC72C9DD4AC0079C7F1 /* Debug */ = {
			isa = XCBuildConfiguration;
			buildSettings = {
				ALWAYS_SEARCH_USER_PATHS = NO;
				ASSETCATALOG_COMPILER_GENERATE_SWIFT_ASSET_SYMBOL_EXTENSIONS = YES;
				CLANG_ANALYZER_NONNULL = YES;
				CLANG_ANALYZER_NUMBER_OBJECT_CONVERSION = YES_AGGRESSIVE;
				CLANG_CXX_LANGUAGE_STANDARD = "gnu++20";
				CLANG_ENABLE_MODULES = YES;
				CLANG_ENABLE_OBJC_ARC = YES;
				CLANG_ENABLE_OBJC_WEAK = YES;
				CLANG_WARN_BLOCK_CAPTURE_AUTORELEASING = YES;
				CLANG_WARN_BOOL_CONVERSION = YES;
				CLANG_WARN_COMMA = YES;
				CLANG_WARN_CONSTANT_CONVERSION = YES;
				CLANG_WARN_DEPRECATED_OBJC_IMPLEMENTATIONS = YES;
				CLANG_WARN_DIRECT_OBJC_ISA_USAGE = YES_ERROR;
				CLANG_WARN_DOCUMENTATION_COMMENTS = YES;
				CLANG_WARN_EMPTY_BODY = YES;
				CLANG_WARN_ENUM_CONVERSION = YES;
				CLANG_WARN_INFINITE_RECURSION = YES;
				CLANG_WARN_INT_CONVERSION = YES;
				CLANG_WARN_NON_LITERAL_NULL_CONVERSION = YES;
				CLANG_WARN_OBJC_IMPLICIT_RETAIN_SELF = YES;
				CLANG_WARN_OBJC_LITERAL_CONVERSION = YES;
				CLANG_WARN_OBJC_ROOT_CLASS = YES_ERROR;
				CLANG_WARN_QUOTED_INCLUDE_IN_FRAMEWORK_HEADER = YES;
				CLANG_WARN_RANGE_LOOP_ANALYSIS = YES;
				CLANG_WARN_STRICT_PROTOTYPES = YES;
				CLANG_WARN_SUSPICIOUS_MOVE = YES;
				CLANG_WARN_UNGUARDED_AVAILABILITY = YES_AGGRESSIVE;
				CLANG_WARN_UNREACHABLE_CODE = YES;
				CLANG_WARN__DUPLICATE_METHOD_MATCH = YES;
				COPY_PHASE_STRIP = NO;
				DEBUG_INFORMATION_FORMAT = dwarf;
				ENABLE_STRICT_OBJC_MSGSEND = YES;
				ENABLE_TESTABILITY = YES;
				ENABLE_USER_SCRIPT_SANDBOXING = YES;
				GCC_C_LANGUAGE_STANDARD = gnu17;
				GCC_DYNAMIC_NO_PIC = NO;
				GCC_NO_COMMON_BLOCKS = YES;
				GCC_OPTIMIZATION_LEVEL = 0;
				GCC_PREPROCESSOR_DEFINITIONS = (
					"DEBUG=1",
					"$(inherited)",
				);
				GCC_WARN_64_TO_32_BIT_CONVERSION = YES;
				GCC_WARN_ABOUT_RETURN_TYPE = YES_ERROR;
				GCC_WARN_UNDECLARED_SELECTOR = YES;
				GCC_WARN_UNINITIALIZED_AUTOS = YES_AGGRESSIVE;
				GCC_WARN_UNUSED_FUNCTION = YES;
				GCC_WARN_UNUSED_VARIABLE = YES;
				LOCALIZATION_PREFERS_STRING_CATALOGS = YES;
				MACOSX_DEPLOYMENT_TARGET = 14.5;
				MTL_ENABLE_DEBUG_INFO = INCLUDE_SOURCE;
				MTL_FAST_MATH = YES;
				ONLY_ACTIVE_ARCH = YES;
				SDKROOT = macosx;
			};
			name = Debug;
		};
		09A14CC82C9DD4AC0079C7F1 /* Release */ = {
			isa = XCBuildConfiguration;
			buildSettings = {
				ALWAYS_SEARCH_USER_PATHS = NO;
				ASSETCATALOG_COMPILER_GENERATE_SWIFT_ASSET_SYMBOL_EXTENSIONS = YES;
				CLANG_ANALYZER_NONNULL = YES;
				CLANG_ANALYZER_NUMBER_OBJECT_CONVERSION = YES_AGGRESSIVE;
				CLANG_CXX_LANGUAGE_STANDARD = "gnu++20";
				CLANG_ENABLE_MODULES = YES;
				CLANG_ENABLE_OBJC_ARC = YES;
				CLANG_ENABLE_OBJC_WEAK = YES;
				CLANG_WARN_BLOCK_CAPTURE_AUTORELEASING = YES;
				CLANG_WARN_BOOL_CONVERSION = YES;
				CLANG_WARN_COMMA = YES;
				CLANG_WARN_CONSTANT_CONVERSION = YES;
				CLANG_WARN_DEPRECATED_OBJC_IMPLEMENTATIONS = YES;
				CLANG_WARN_DIRECT_OBJC_ISA_USAGE = YES_ERROR;
				CLANG_WARN_DOCUMENTATION_COMMENTS = YES;
				CLANG_WARN_EMPTY_BODY = YES;
				CLANG_WARN_ENUM_CONVERSION = YES;
				CLANG_WARN_INFINITE_RECURSION = YES;
				CLANG_WARN_INT_CONVERSION = YES;
				CLANG_WARN_NON_LITERAL_NULL_CONVERSION = YES;
				CLANG_WARN_OBJC_IMPLICIT_RETAIN_SELF = YES;
				CLANG_WARN_OBJC_LITERAL_CONVERSION = YES;
				CLANG_WARN_OBJC_ROOT_CLASS = YES_ERROR;
				CLANG_WARN_QUOTED_INCLUDE_IN_FRAMEWORK_HEADER = YES;
				CLANG_WARN_RANGE_LOOP_ANALYSIS = YES;
				CLANG_WARN_STRICT_PROTOTYPES = YES;
				CLANG_WARN_SUSPICIOUS_MOVE = YES;
				CLANG_WARN_UNGUARDED_AVAILABILITY = YES_AGGRESSIVE;
				CLANG_WARN_UNREACHABLE_CODE = YES;
				CLANG_WARN__DUPLICATE_METHOD_MATCH = YES;
				COPY_PHASE_STRIP = NO;
				DEBUG_INFORMATION_FORMAT = "dwarf-with-dsym";
				ENABLE_NS_ASSERTIONS = NO;
				ENABLE_STRICT_OBJC_MSGSEND = YES;
				ENABLE_USER_SCRIPT_SANDBOXING = YES;
				GCC_C_LANGUAGE_STANDARD = gnu17;
				GCC_NO_COMMON_BLOCKS = YES;
				GCC_WARN_64_TO_32_BIT_CONVERSION = YES;
				GCC_WARN_ABOUT_RETURN_TYPE = YES_ERROR;
				GCC_WARN_UNDECLARED_SELECTOR = YES;
				GCC_WARN_UNINITIALIZED_AUTOS = YES_AGGRESSIVE;
				GCC_WARN_UNUSED_FUNCTION = YES;
				GCC_WARN_UNUSED_VARIABLE = YES;
				LOCALIZATION_PREFERS_STRING_CATALOGS = YES;
				MACOSX_DEPLOYMENT_TARGET = 14.5;
				MTL_ENABLE_DEBUG_INFO = NO;
				MTL_FAST_MATH = YES;
				SDKROOT = macosx;
			};
			name = Release;
		};
		09A14CCA2C9DD4AC0079C7F1 /* Debug */ = {
			isa = XCBuildConfiguration;
			buildSettings = {
				CODE_SIGN_STYLE = Automatic;
				PRODUCT_NAME = "$(TARGET_NAME)";
			};
			name = Debug;
		};
		09A14CCB2C9DD4AC0079C7F1 /* Release */ = {
			isa = XCBuildConfiguration;
			buildSettings = {
				CODE_SIGN_STYLE = Automatic;
				PRODUCT_NAME = "$(TARGET_NAME)";
			};
			name = Release;
		};
/* End XCBuildConfiguration section */

/* Begin XCConfigurationList section */
		09A14CBD2C9DD4AC0079C7F1 /* Build configuration list for PBXProject "push_swap" */ = {
			isa = XCConfigurationList;
			buildConfigurations = (
				09A14CC72C9DD4AC0079C7F1 /* Debug */,
				09A14CC82C9DD4AC0079C7F1 /* Release */,
			);
			defaultConfigurationIsVisible = 0;
			defaultConfigurationName = Release;
		};
		09A14CC92C9DD4AC0079C7F1 /* Build configuration list for PBXNativeTarget "push_swap" */ = {
			isa = XCConfigurationList;
			buildConfigurations = (
				09A14CCA2C9DD4AC0079C7F1 /* Debug */,
				09A14CCB2C9DD4AC0079C7F1 /* Release */,
			);
			defaultConfigurationIsVisible = 0;
			defaultConfigurationName = Release;
		};
/* End XCConfigurationList section */
	};
	rootObject = 09A14CBA2C9DD4AC0079C7F1 /* Project object */;
}
