// !$*UTF8*$!
{
	archiveVersion = 1;
	classes = {
	};
	objectVersion = 50;
	objects = {

/* Begin PBXBuildFile section */
		095CF4C52C08B0CC00FB2879 /* ft_strdup.c in Sources */ = {isa = PBXBuildFile; fileRef = 095CF4C42C08B0CC00FB2879 /* ft_strdup.c */; };
		095CF4CA2C08B5B100FB2879 /* ft_strtrim.c in Sources */ = {isa = PBXBuildFile; fileRef = 095CF4C92C08B5B100FB2879 /* ft_strtrim.c */; };
		09B621452C039A6E00DDD419 /* ft_strmapi.c in Sources */ = {isa = PBXBuildFile; fileRef = 09B621442C039A6E00DDD419 /* ft_strmapi.c */; };
		09B621482C039B6000DDD419 /* ft_toggle_case.c in Sources */ = {isa = PBXBuildFile; fileRef = 09B621472C039B6000DDD419 /* ft_toggle_case.c */; };
		09B6214A2C039E9D00DDD419 /* ft_strlen.c in Sources */ = {isa = PBXBuildFile; fileRef = 09B621492C039E9D00DDD419 /* ft_strlen.c */; };
		09B6214D2C04851C00DDD419 /* ft_striteri.c in Sources */ = {isa = PBXBuildFile; fileRef = 09B6214C2C04851C00DDD419 /* ft_striteri.c */; };
		09B621502C04929400DDD419 /* ft_putchar_fd.c in Sources */ = {isa = PBXBuildFile; fileRef = 09B6214F2C04929400DDD419 /* ft_putchar_fd.c */; };
		09B621532C04A4C200DDD419 /* ft_putstr_fd.c in Sources */ = {isa = PBXBuildFile; fileRef = 09B621522C04A4C200DDD419 /* ft_putstr_fd.c */; };
		09B621562C04A59500DDD419 /* ft_putendl_fd.c in Sources */ = {isa = PBXBuildFile; fileRef = 09B621552C04A59500DDD419 /* ft_putendl_fd.c */; };
		09B621592C04AF6900DDD419 /* ft_putnbr_fd.c in Sources */ = {isa = PBXBuildFile; fileRef = 09B621582C04AF6900DDD419 /* ft_putnbr_fd.c */; };
		09B6215C2C05E58C00DDD419 /* ft_lstnew.c in Sources */ = {isa = PBXBuildFile; fileRef = 09B6215B2C05E58C00DDD419 /* ft_lstnew.c */; };
		09B621602C05F0D700DDD419 /* ft_lstadd_front.c in Sources */ = {isa = PBXBuildFile; fileRef = 09B6215F2C05F0D700DDD419 /* ft_lstadd_front.c */; };
		09B621632C06176B00DDD419 /* ft_lstsize.c in Sources */ = {isa = PBXBuildFile; fileRef = 09B621622C06176B00DDD419 /* ft_lstsize.c */; };
		09B621662C0619E400DDD419 /* ft_lstlast.c in Sources */ = {isa = PBXBuildFile; fileRef = 09B621652C0619E400DDD419 /* ft_lstlast.c */; };
		09B621692C061BD900DDD419 /* ft_lstadd_back.c in Sources */ = {isa = PBXBuildFile; fileRef = 09B621682C061BD900DDD419 /* ft_lstadd_back.c */; };
		09B6216C2C061EA000DDD419 /* ft_lstdelone.c in Sources */ = {isa = PBXBuildFile; fileRef = 09B6216B2C061EA000DDD419 /* ft_lstdelone.c */; };
		09B6216F2C0621F400DDD419 /* ft_lstclear.c in Sources */ = {isa = PBXBuildFile; fileRef = 09B6216E2C0621F400DDD419 /* ft_lstclear.c */; };
		09B621722C0625C800DDD419 /* ft_lstiter.c in Sources */ = {isa = PBXBuildFile; fileRef = 09B621712C0625C800DDD419 /* ft_lstiter.c */; };
		09B621752C0626E700DDD419 /* ft_lstmap.c in Sources */ = {isa = PBXBuildFile; fileRef = 09B621742C0626E700DDD419 /* ft_lstmap.c */; };
		09F3ED642C00D20D00781AD6 /* main.c in Sources */ = {isa = PBXBuildFile; fileRef = 09F3ED632C00D20D00781AD6 /* main.c */; };
		09F3ED6B2C00D31700781AD6 /* ft_memcpy.c in Sources */ = {isa = PBXBuildFile; fileRef = 09F3ED6A2C00D31700781AD6 /* ft_memcpy.c */; };
		09F3ED6D2C00D77800781AD6 /* ft_split.c in Sources */ = {isa = PBXBuildFile; fileRef = 09F3ED6C2C00D77800781AD6 /* ft_split.c */; };
		09F3ED742C0364B400781AD6 /* ft_itoa.c in Sources */ = {isa = PBXBuildFile; fileRef = 09F3ED732C0364B400781AD6 /* ft_itoa.c */; };
/* End PBXBuildFile section */

/* Begin PBXCopyFilesBuildPhase section */
		09F3ED5E2C00D20D00781AD6 /* CopyFiles */ = {
			isa = PBXCopyFilesBuildPhase;
			buildActionMask = 2147483647;
			dstPath = /usr/share/man/man1/;
			dstSubfolderSpec = 0;
			files = (
			);
			runOnlyForDeploymentPostprocessing = 1;
		};
/* End PBXCopyFilesBuildPhase section */

/* Begin PBXFileReference section */
		095CF4C42C08B0CC00FB2879 /* ft_strdup.c */ = {isa = PBXFileReference; fileEncoding = 4; lastKnownFileType = sourcecode.c.c; name = ft_strdup.c; path = modified/libft/ft_strdup.c; sourceTree = SOURCE_ROOT; };
		095CF4C62C08B15600FB2879 /* ft_strdup.h */ = {isa = PBXFileReference; lastKnownFileType = sourcecode.c.h; path = ft_strdup.h; sourceTree = "<group>"; };
		095CF4C82C08B5B100FB2879 /* ft_strtrim.h */ = {isa = PBXFileReference; lastKnownFileType = sourcecode.c.h; path = ft_strtrim.h; sourceTree = "<group>"; };
		095CF4C92C08B5B100FB2879 /* ft_strtrim.c */ = {isa = PBXFileReference; lastKnownFileType = sourcecode.c.c; path = ft_strtrim.c; sourceTree = "<group>"; };
		09B621422C039A4800DDD419 /* ft_strlen.h */ = {isa = PBXFileReference; lastKnownFileType = sourcecode.c.h; path = ft_strlen.h; sourceTree = "<group>"; };
		09B621432C039A5E00DDD419 /* ft_strmapi.h */ = {isa = PBXFileReference; fileEncoding = 4; lastKnownFileType = sourcecode.c.h; path = ft_strmapi.h; sourceTree = "<group>"; };
		09B621442C039A6E00DDD419 /* ft_strmapi.c */ = {isa = PBXFileReference; fileEncoding = 4; lastKnownFileType = sourcecode.c.c; path = ft_strmapi.c; sourceTree = "<group>"; };
		09B621462C039B6000DDD419 /* ft_toggle_case.h */ = {isa = PBXFileReference; lastKnownFileType = sourcecode.c.h; path = ft_toggle_case.h; sourceTree = "<group>"; };
		09B621472C039B6000DDD419 /* ft_toggle_case.c */ = {isa = PBXFileReference; lastKnownFileType = sourcecode.c.c; path = ft_toggle_case.c; sourceTree = "<group>"; };
		09B621492C039E9D00DDD419 /* ft_strlen.c */ = {isa = PBXFileReference; fileEncoding = 4; lastKnownFileType = sourcecode.c.c; path = ft_strlen.c; sourceTree = "<group>"; };
		09B6214B2C04851C00DDD419 /* ft_striteri.h */ = {isa = PBXFileReference; lastKnownFileType = sourcecode.c.h; path = ft_striteri.h; sourceTree = "<group>"; };
		09B6214C2C04851C00DDD419 /* ft_striteri.c */ = {isa = PBXFileReference; lastKnownFileType = sourcecode.c.c; path = ft_striteri.c; sourceTree = "<group>"; };
		09B6214E2C04929400DDD419 /* ft_putchar_fd.h */ = {isa = PBXFileReference; lastKnownFileType = sourcecode.c.h; path = ft_putchar_fd.h; sourceTree = "<group>"; };
		09B6214F2C04929400DDD419 /* ft_putchar_fd.c */ = {isa = PBXFileReference; lastKnownFileType = sourcecode.c.c; path = ft_putchar_fd.c; sourceTree = "<group>"; };
		09B621512C04A4C200DDD419 /* ft_putstr_fd.h */ = {isa = PBXFileReference; lastKnownFileType = sourcecode.c.h; path = ft_putstr_fd.h; sourceTree = "<group>"; };
		09B621522C04A4C200DDD419 /* ft_putstr_fd.c */ = {isa = PBXFileReference; lastKnownFileType = sourcecode.c.c; path = ft_putstr_fd.c; sourceTree = "<group>"; };
		09B621542C04A59500DDD419 /* ft_putendl_fd.h */ = {isa = PBXFileReference; lastKnownFileType = sourcecode.c.h; path = ft_putendl_fd.h; sourceTree = "<group>"; };
		09B621552C04A59500DDD419 /* ft_putendl_fd.c */ = {isa = PBXFileReference; lastKnownFileType = sourcecode.c.c; path = ft_putendl_fd.c; sourceTree = "<group>"; };
		09B621572C04AF6900DDD419 /* ft_putnbr_fd.h */ = {isa = PBXFileReference; lastKnownFileType = sourcecode.c.h; path = ft_putnbr_fd.h; sourceTree = "<group>"; };
		09B621582C04AF6900DDD419 /* ft_putnbr_fd.c */ = {isa = PBXFileReference; lastKnownFileType = sourcecode.c.c; path = ft_putnbr_fd.c; sourceTree = "<group>"; };
		09B6215A2C05E58C00DDD419 /* ft_lstnew.h */ = {isa = PBXFileReference; lastKnownFileType = sourcecode.c.h; path = ft_lstnew.h; sourceTree = "<group>"; };
		09B6215B2C05E58C00DDD419 /* ft_lstnew.c */ = {isa = PBXFileReference; lastKnownFileType = sourcecode.c.c; path = ft_lstnew.c; sourceTree = "<group>"; };
		09B6215D2C05EB5100DDD419 /* t_list.h */ = {isa = PBXFileReference; lastKnownFileType = sourcecode.c.h; path = t_list.h; sourceTree = "<group>"; };
		09B6215E2C05F0D700DDD419 /* ft_lstadd_front.h */ = {isa = PBXFileReference; lastKnownFileType = sourcecode.c.h; path = ft_lstadd_front.h; sourceTree = "<group>"; };
		09B6215F2C05F0D700DDD419 /* ft_lstadd_front.c */ = {isa = PBXFileReference; lastKnownFileType = sourcecode.c.c; path = ft_lstadd_front.c; sourceTree = "<group>"; };
		09B621612C06176B00DDD419 /* ft_lstsize.h */ = {isa = PBXFileReference; lastKnownFileType = sourcecode.c.h; path = ft_lstsize.h; sourceTree = "<group>"; };
		09B621622C06176B00DDD419 /* ft_lstsize.c */ = {isa = PBXFileReference; lastKnownFileType = sourcecode.c.c; path = ft_lstsize.c; sourceTree = "<group>"; };
		09B621642C0619E400DDD419 /* ft_lstlast.h */ = {isa = PBXFileReference; lastKnownFileType = sourcecode.c.h; path = ft_lstlast.h; sourceTree = "<group>"; };
		09B621652C0619E400DDD419 /* ft_lstlast.c */ = {isa = PBXFileReference; lastKnownFileType = sourcecode.c.c; path = ft_lstlast.c; sourceTree = "<group>"; };
		09B621672C061BD900DDD419 /* ft_lstadd_back.h */ = {isa = PBXFileReference; lastKnownFileType = sourcecode.c.h; path = ft_lstadd_back.h; sourceTree = "<group>"; };
		09B621682C061BD900DDD419 /* ft_lstadd_back.c */ = {isa = PBXFileReference; lastKnownFileType = sourcecode.c.c; path = ft_lstadd_back.c; sourceTree = "<group>"; };
		09B6216A2C061EA000DDD419 /* ft_lstdelone.h */ = {isa = PBXFileReference; lastKnownFileType = sourcecode.c.h; path = ft_lstdelone.h; sourceTree = "<group>"; };
		09B6216B2C061EA000DDD419 /* ft_lstdelone.c */ = {isa = PBXFileReference; lastKnownFileType = sourcecode.c.c; path = ft_lstdelone.c; sourceTree = "<group>"; };
		09B6216D2C0621F400DDD419 /* ft_lstclear.h */ = {isa = PBXFileReference; lastKnownFileType = sourcecode.c.h; path = ft_lstclear.h; sourceTree = "<group>"; };
		09B6216E2C0621F400DDD419 /* ft_lstclear.c */ = {isa = PBXFileReference; lastKnownFileType = sourcecode.c.c; path = ft_lstclear.c; sourceTree = "<group>"; };
		09B621702C0625C800DDD419 /* ft_lstiter.h */ = {isa = PBXFileReference; lastKnownFileType = sourcecode.c.h; path = ft_lstiter.h; sourceTree = "<group>"; };
		09B621712C0625C800DDD419 /* ft_lstiter.c */ = {isa = PBXFileReference; lastKnownFileType = sourcecode.c.c; path = ft_lstiter.c; sourceTree = "<group>"; };
		09B621732C0626E700DDD419 /* ft_lstmap.h */ = {isa = PBXFileReference; lastKnownFileType = sourcecode.c.h; path = ft_lstmap.h; sourceTree = "<group>"; };
		09B621742C0626E700DDD419 /* ft_lstmap.c */ = {isa = PBXFileReference; lastKnownFileType = sourcecode.c.c; path = ft_lstmap.c; sourceTree = "<group>"; };
		09F3ED602C00D20D00781AD6 /* libft */ = {isa = PBXFileReference; explicitFileType = "compiled.mach-o.executable"; includeInIndex = 0; path = libft; sourceTree = BUILT_PRODUCTS_DIR; };
		09F3ED632C00D20D00781AD6 /* main.c */ = {isa = PBXFileReference; lastKnownFileType = sourcecode.c.c; path = main.c; sourceTree = "<group>"; };
		09F3ED6A2C00D31700781AD6 /* ft_memcpy.c */ = {isa = PBXFileReference; lastKnownFileType = sourcecode.c.c; path = ft_memcpy.c; sourceTree = "<group>"; };
		09F3ED6C2C00D77800781AD6 /* ft_split.c */ = {isa = PBXFileReference; lastKnownFileType = sourcecode.c.c; path = ft_split.c; sourceTree = "<group>"; };
		09F3ED6E2C00DE7D00781AD6 /* ft_split.h */ = {isa = PBXFileReference; lastKnownFileType = sourcecode.c.h; path = ft_split.h; sourceTree = "<group>"; };
		09F3ED6F2C00DFFD00781AD6 /* ft_memcpy.h */ = {isa = PBXFileReference; lastKnownFileType = sourcecode.c.h; path = ft_memcpy.h; sourceTree = "<group>"; };
		09F3ED712C011D1200781AD6 /* norminette_output */ = {isa = PBXFileReference; lastKnownFileType = text; path = norminette_output; sourceTree = "<group>"; };
		09F3ED722C0364B400781AD6 /* ft_itoa.h */ = {isa = PBXFileReference; lastKnownFileType = sourcecode.c.h; path = ft_itoa.h; sourceTree = "<group>"; };
		09F3ED732C0364B400781AD6 /* ft_itoa.c */ = {isa = PBXFileReference; lastKnownFileType = sourcecode.c.c; path = ft_itoa.c; sourceTree = "<group>"; };
/* End PBXFileReference section */

/* Begin PBXFrameworksBuildPhase section */
		09F3ED5D2C00D20D00781AD6 /* Frameworks */ = {
			isa = PBXFrameworksBuildPhase;
			buildActionMask = 2147483647;
			files = (
			);
			runOnlyForDeploymentPostprocessing = 0;
		};
/* End PBXFrameworksBuildPhase section */

/* Begin PBXGroup section */
		09F3ED572C00D20D00781AD6 = {
			isa = PBXGroup;
			children = (
				09F3ED622C00D20D00781AD6 /* libft */,
				09F3ED612C00D20D00781AD6 /* Products */,
			);
			sourceTree = "<group>";
		};
		09F3ED612C00D20D00781AD6 /* Products */ = {
			isa = PBXGroup;
			children = (
				09F3ED602C00D20D00781AD6 /* libft */,
			);
			name = Products;
			sourceTree = "<group>";
		};
		09F3ED622C00D20D00781AD6 /* libft */ = {
			isa = PBXGroup;
			children = (
				09F3ED632C00D20D00781AD6 /* main.c */,
				095CF4C82C08B5B100FB2879 /* ft_strtrim.h */,
				095CF4C92C08B5B100FB2879 /* ft_strtrim.c */,
				09F3ED722C0364B400781AD6 /* ft_itoa.h */,
				09F3ED732C0364B400781AD6 /* ft_itoa.c */,
				09B6215A2C05E58C00DDD419 /* ft_lstnew.h */,
				09B6215D2C05EB5100DDD419 /* t_list.h */,
				09B621732C0626E700DDD419 /* ft_lstmap.h */,
				09B621742C0626E700DDD419 /* ft_lstmap.c */,
				09B621612C06176B00DDD419 /* ft_lstsize.h */,
				09B621642C0619E400DDD419 /* ft_lstlast.h */,
				09B621652C0619E400DDD419 /* ft_lstlast.c */,
				09B621672C061BD900DDD419 /* ft_lstadd_back.h */,
				09B621682C061BD900DDD419 /* ft_lstadd_back.c */,
				09B6216A2C061EA000DDD419 /* ft_lstdelone.h */,
				09B6216B2C061EA000DDD419 /* ft_lstdelone.c */,
				09B6216D2C0621F400DDD419 /* ft_lstclear.h */,
				09B6216E2C0621F400DDD419 /* ft_lstclear.c */,
				09B621702C0625C800DDD419 /* ft_lstiter.h */,
				09B621712C0625C800DDD419 /* ft_lstiter.c */,
				09B621622C06176B00DDD419 /* ft_lstsize.c */,
				09B6215E2C05F0D700DDD419 /* ft_lstadd_front.h */,
				09B6215F2C05F0D700DDD419 /* ft_lstadd_front.c */,
				09B6215B2C05E58C00DDD419 /* ft_lstnew.c */,
				09F3ED6C2C00D77800781AD6 /* ft_split.c */,
				095CF4C42C08B0CC00FB2879 /* ft_strdup.c */,
				095CF4C62C08B15600FB2879 /* ft_strdup.h */,
				09F3ED6E2C00DE7D00781AD6 /* ft_split.h */,
				09B6214B2C04851C00DDD419 /* ft_striteri.h */,
				09B6214E2C04929400DDD419 /* ft_putchar_fd.h */,
				09B6214F2C04929400DDD419 /* ft_putchar_fd.c */,
				09B621512C04A4C200DDD419 /* ft_putstr_fd.h */,
				09B621542C04A59500DDD419 /* ft_putendl_fd.h */,
				09B621572C04AF6900DDD419 /* ft_putnbr_fd.h */,
				09B621582C04AF6900DDD419 /* ft_putnbr_fd.c */,
				09B621552C04A59500DDD419 /* ft_putendl_fd.c */,
				09B621522C04A4C200DDD419 /* ft_putstr_fd.c */,
				09B6214C2C04851C00DDD419 /* ft_striteri.c */,
				09B621422C039A4800DDD419 /* ft_strlen.h */,
				09B621492C039E9D00DDD419 /* ft_strlen.c */,
				09B621462C039B6000DDD419 /* ft_toggle_case.h */,
				09B621472C039B6000DDD419 /* ft_toggle_case.c */,
				09B621432C039A5E00DDD419 /* ft_strmapi.h */,
				09B621442C039A6E00DDD419 /* ft_strmapi.c */,
				09F3ED6A2C00D31700781AD6 /* ft_memcpy.c */,
				09F3ED6F2C00DFFD00781AD6 /* ft_memcpy.h */,
				09F3ED712C011D1200781AD6 /* norminette_output */,
			);
			path = libft;
			sourceTree = "<group>";
		};
/* End PBXGroup section */

/* Begin PBXNativeTarget section */
		09F3ED5F2C00D20D00781AD6 /* libft */ = {
			isa = PBXNativeTarget;
			buildConfigurationList = 09F3ED672C00D20D00781AD6 /* Build configuration list for PBXNativeTarget "libft" */;
			buildPhases = (
				09F3ED5C2C00D20D00781AD6 /* Sources */,
				09F3ED5D2C00D20D00781AD6 /* Frameworks */,
				09F3ED5E2C00D20D00781AD6 /* CopyFiles */,
			);
			buildRules = (
			);
			dependencies = (
			);
			name = libft;
			productName = libft;
			productReference = 09F3ED602C00D20D00781AD6 /* libft */;
			productType = "com.apple.product-type.tool";
		};
/* End PBXNativeTarget section */

/* Begin PBXProject section */
		09F3ED582C00D20D00781AD6 /* Project object */ = {
			isa = PBXProject;
			attributes = {
				LastUpgradeCheck = 1010;
				ORGANIZATIONNAME = "XU Luyao";
				TargetAttributes = {
					09F3ED5F2C00D20D00781AD6 = {
						CreatedOnToolsVersion = 10.1;
					};
				};
			};
			buildConfigurationList = 09F3ED5B2C00D20D00781AD6 /* Build configuration list for PBXProject "libft" */;
			compatibilityVersion = "Xcode 9.3";
			developmentRegion = en;
			hasScannedForEncodings = 0;
			knownRegions = (
				en,
			);
			mainGroup = 09F3ED572C00D20D00781AD6;
			productRefGroup = 09F3ED612C00D20D00781AD6 /* Products */;
			projectDirPath = "";
			projectRoot = "";
			targets = (
				09F3ED5F2C00D20D00781AD6 /* libft */,
			);
		};
/* End PBXProject section */

/* Begin PBXSourcesBuildPhase section */
		09F3ED5C2C00D20D00781AD6 /* Sources */ = {
			isa = PBXSourcesBuildPhase;
			buildActionMask = 2147483647;
			files = (
				09B621592C04AF6900DDD419 /* ft_putnbr_fd.c in Sources */,
				09B6216F2C0621F400DDD419 /* ft_lstclear.c in Sources */,
				09B621632C06176B00DDD419 /* ft_lstsize.c in Sources */,
				09B621602C05F0D700DDD419 /* ft_lstadd_front.c in Sources */,
				09B6214A2C039E9D00DDD419 /* ft_strlen.c in Sources */,
				09F3ED742C0364B400781AD6 /* ft_itoa.c in Sources */,
				09B6215C2C05E58C00DDD419 /* ft_lstnew.c in Sources */,
				095CF4CA2C08B5B100FB2879 /* ft_strtrim.c in Sources */,
				095CF4C52C08B0CC00FB2879 /* ft_strdup.c in Sources */,
				09B621452C039A6E00DDD419 /* ft_strmapi.c in Sources */,
				09F3ED6B2C00D31700781AD6 /* ft_memcpy.c in Sources */,
				09B621722C0625C800DDD419 /* ft_lstiter.c in Sources */,
				09B6216C2C061EA000DDD419 /* ft_lstdelone.c in Sources */,
				09B621502C04929400DDD419 /* ft_putchar_fd.c in Sources */,
				09B621532C04A4C200DDD419 /* ft_putstr_fd.c in Sources */,
				09B621482C039B6000DDD419 /* ft_toggle_case.c in Sources */,
				09B621562C04A59500DDD419 /* ft_putendl_fd.c in Sources */,
				09B6214D2C04851C00DDD419 /* ft_striteri.c in Sources */,
				09B621662C0619E400DDD419 /* ft_lstlast.c in Sources */,
				09B621692C061BD900DDD419 /* ft_lstadd_back.c in Sources */,
				09F3ED642C00D20D00781AD6 /* main.c in Sources */,
				09F3ED6D2C00D77800781AD6 /* ft_split.c in Sources */,
				09B621752C0626E700DDD419 /* ft_lstmap.c in Sources */,
			);
			runOnlyForDeploymentPostprocessing = 0;
		};
/* End PBXSourcesBuildPhase section */

/* Begin XCBuildConfiguration section */
		09F3ED652C00D20D00781AD6 /* Debug */ = {
			isa = XCBuildConfiguration;
			buildSettings = {
				ALWAYS_SEARCH_USER_PATHS = NO;
				CLANG_ANALYZER_NONNULL = YES;
				CLANG_ANALYZER_NUMBER_OBJECT_CONVERSION = YES_AGGRESSIVE;
				CLANG_CXX_LANGUAGE_STANDARD = "gnu++14";
				CLANG_CXX_LIBRARY = "libc++";
				CLANG_ENABLE_MODULES = YES;
				CLANG_ENABLE_OBJC_ARC = YES;
				CLANG_ENABLE_OBJC_WEAK = YES;
				CLANG_WARN_BLOCK_CAPTURE_AUTORELEASING = YES;
				CLANG_WARN_BOOL_CONVERSION = YES;
				CLANG_WARN_COMMA = YES;
				CLANG_WARN_CONSTANT_CONVERSION = YES;
				CLANG_WARN_DEPRECATED_OBJC_IMPLEMENTATIONS = YES;
				CLANG_WARN_DIRECT_OBJC_ISA_USAGE = YES_ERROR;
				CLANG_WARN_DOCUMENTATION_COMMENTS = YES;
				CLANG_WARN_EMPTY_BODY = YES;
				CLANG_WARN_ENUM_CONVERSION = YES;
				CLANG_WARN_INFINITE_RECURSION = YES;
				CLANG_WARN_INT_CONVERSION = YES;
				CLANG_WARN_NON_LITERAL_NULL_CONVERSION = YES;
				CLANG_WARN_OBJC_IMPLICIT_RETAIN_SELF = YES;
				CLANG_WARN_OBJC_LITERAL_CONVERSION = YES;
				CLANG_WARN_OBJC_ROOT_CLASS = YES_ERROR;
				CLANG_WARN_RANGE_LOOP_ANALYSIS = YES;
				CLANG_WARN_STRICT_PROTOTYPES = YES;
				CLANG_WARN_SUSPICIOUS_MOVE = YES;
				CLANG_WARN_UNGUARDED_AVAILABILITY = YES_AGGRESSIVE;
				CLANG_WARN_UNREACHABLE_CODE = YES;
				CLANG_WARN__DUPLICATE_METHOD_MATCH = YES;
				CODE_SIGN_IDENTITY = "-";
				COPY_PHASE_STRIP = NO;
				DEBUG_INFORMATION_FORMAT = dwarf;
				ENABLE_STRICT_OBJC_MSGSEND = YES;
				ENABLE_TESTABILITY = YES;
				GCC_C_LANGUAGE_STANDARD = gnu11;
				GCC_DYNAMIC_NO_PIC = NO;
				GCC_NO_COMMON_BLOCKS = YES;
				GCC_OPTIMIZATION_LEVEL = 0;
				GCC_PREPROCESSOR_DEFINITIONS = (
					"DEBUG=1",
					"$(inherited)",
				);
				GCC_WARN_64_TO_32_BIT_CONVERSION = YES;
				GCC_WARN_ABOUT_RETURN_TYPE = YES_ERROR;
				GCC_WARN_UNDECLARED_SELECTOR = YES;
				GCC_WARN_UNINITIALIZED_AUTOS = YES_AGGRESSIVE;
				GCC_WARN_UNUSED_FUNCTION = YES;
				GCC_WARN_UNUSED_VARIABLE = YES;
				MACOSX_DEPLOYMENT_TARGET = 10.13;
				MTL_ENABLE_DEBUG_INFO = INCLUDE_SOURCE;
				MTL_FAST_MATH = YES;
				ONLY_ACTIVE_ARCH = YES;
				SDKROOT = macosx;
			};
			name = Debug;
		};
		09F3ED662C00D20D00781AD6 /* Release */ = {
			isa = XCBuildConfiguration;
			buildSettings = {
				ALWAYS_SEARCH_USER_PATHS = NO;
				CLANG_ANALYZER_NONNULL = YES;
				CLANG_ANALYZER_NUMBER_OBJECT_CONVERSION = YES_AGGRESSIVE;
				CLANG_CXX_LANGUAGE_STANDARD = "gnu++14";
				CLANG_CXX_LIBRARY = "libc++";
				CLANG_ENABLE_MODULES = YES;
				CLANG_ENABLE_OBJC_ARC = YES;
				CLANG_ENABLE_OBJC_WEAK = YES;
				CLANG_WARN_BLOCK_CAPTURE_AUTORELEASING = YES;
				CLANG_WARN_BOOL_CONVERSION = YES;
				CLANG_WARN_COMMA = YES;
				CLANG_WARN_CONSTANT_CONVERSION = YES;
				CLANG_WARN_DEPRECATED_OBJC_IMPLEMENTATIONS = YES;
				CLANG_WARN_DIRECT_OBJC_ISA_USAGE = YES_ERROR;
				CLANG_WARN_DOCUMENTATION_COMMENTS = YES;
				CLANG_WARN_EMPTY_BODY = YES;
				CLANG_WARN_ENUM_CONVERSION = YES;
				CLANG_WARN_INFINITE_RECURSION = YES;
				CLANG_WARN_INT_CONVERSION = YES;
				CLANG_WARN_NON_LITERAL_NULL_CONVERSION = YES;
				CLANG_WARN_OBJC_IMPLICIT_RETAIN_SELF = YES;
				CLANG_WARN_OBJC_LITERAL_CONVERSION = YES;
				CLANG_WARN_OBJC_ROOT_CLASS = YES_ERROR;
				CLANG_WARN_RANGE_LOOP_ANALYSIS = YES;
				CLANG_WARN_STRICT_PROTOTYPES = YES;
				CLANG_WARN_SUSPICIOUS_MOVE = YES;
				CLANG_WARN_UNGUARDED_AVAILABILITY = YES_AGGRESSIVE;
				CLANG_WARN_UNREACHABLE_CODE = YES;
				CLANG_WARN__DUPLICATE_METHOD_MATCH = YES;
				CODE_SIGN_IDENTITY = "-";
				COPY_PHASE_STRIP = NO;
				DEBUG_INFORMATION_FORMAT = "dwarf-with-dsym";
				ENABLE_NS_ASSERTIONS = NO;
				ENABLE_STRICT_OBJC_MSGSEND = YES;
				GCC_C_LANGUAGE_STANDARD = gnu11;
				GCC_NO_COMMON_BLOCKS = YES;
				GCC_WARN_64_TO_32_BIT_CONVERSION = YES;
				GCC_WARN_ABOUT_RETURN_TYPE = YES_ERROR;
				GCC_WARN_UNDECLARED_SELECTOR = YES;
				GCC_WARN_UNINITIALIZED_AUTOS = YES_AGGRESSIVE;
				GCC_WARN_UNUSED_FUNCTION = YES;
				GCC_WARN_UNUSED_VARIABLE = YES;
				MACOSX_DEPLOYMENT_TARGET = 10.13;
				MTL_ENABLE_DEBUG_INFO = NO;
				MTL_FAST_MATH = YES;
				SDKROOT = macosx;
			};
			name = Release;
		};
		09F3ED682C00D20D00781AD6 /* Debug */ = {
			isa = XCBuildConfiguration;
			buildSettings = {
				CODE_SIGN_STYLE = Automatic;
				OTHER_CFLAGS = (
					"-Wall",
					"-Wextra",
					"-Werror",
				);
				PRODUCT_NAME = "$(TARGET_NAME)";
			};
			name = Debug;
		};
		09F3ED692C00D20D00781AD6 /* Release */ = {
			isa = XCBuildConfiguration;
			buildSettings = {
				CODE_SIGN_STYLE = Automatic;
				OTHER_CFLAGS = (
					"-Wall",
					"-Wextra",
					"-Werror",
				);
				PRODUCT_NAME = "$(TARGET_NAME)";
			};
			name = Release;
		};
/* End XCBuildConfiguration section */

/* Begin XCConfigurationList section */
		09F3ED5B2C00D20D00781AD6 /* Build configuration list for PBXProject "libft" */ = {
			isa = XCConfigurationList;
			buildConfigurations = (
				09F3ED652C00D20D00781AD6 /* Debug */,
				09F3ED662C00D20D00781AD6 /* Release */,
			);
			defaultConfigurationIsVisible = 0;
			defaultConfigurationName = Release;
		};
		09F3ED672C00D20D00781AD6 /* Build configuration list for PBXNativeTarget "libft" */ = {
			isa = XCConfigurationList;
			buildConfigurations = (
				09F3ED682C00D20D00781AD6 /* Debug */,
				09F3ED692C00D20D00781AD6 /* Release */,
			);
			defaultConfigurationIsVisible = 0;
			defaultConfigurationName = Release;
		};
/* End XCConfigurationList section */
	};
	rootObject = 09F3ED582C00D20D00781AD6 /* Project object */;
}
